// !$*UTF8*$!
{
	archiveVersion = 1;
	classes = {
	};
	objectVersion = 46;
	objects = {

/* Begin PBXBuildFile section */
		B807A0961BA6AA10000A9ED4 /* Constants.swift in Sources */ = {isa = PBXBuildFile; fileRef = B807A0911BA6AA10000A9ED4 /* Constants.swift */; };
		B807A0971BA6AA10000A9ED4 /* Extensions.swift in Sources */ = {isa = PBXBuildFile; fileRef = B807A0921BA6AA10000A9ED4 /* Extensions.swift */; };
		B807A0981BA6AA10000A9ED4 /* SFClock.swift in Sources */ = {isa = PBXBuildFile; fileRef = B807A0931BA6AA10000A9ED4 /* SFClock.swift */; };
		B807A0991BA6AA10000A9ED4 /* SFUrlBar.swift in Sources */ = {isa = PBXBuildFile; fileRef = B807A0941BA6AA10000A9ED4 /* SFUrlBar.swift */; };
		B807A09A1BA6AA10000A9ED4 /* SFView.swift in Sources */ = {isa = PBXBuildFile; fileRef = B807A0951BA6AA10000A9ED4 /* SFView.swift */; };
		B8125D8A1BA9A79300F3A1BE /* SFWebVC.swift in Sources */ = {isa = PBXBuildFile; fileRef = B8125D891BA9A79300F3A1BE /* SFWebVC.swift */; };
		B8125D8C1BA9AA9900F3A1BE /* SFTabContents.swift in Sources */ = {isa = PBXBuildFile; fileRef = B8125D8B1BA9AA9900F3A1BE /* SFTabContents.swift */; };
		B81836701BB80C8700730371 /* BooksHomeChecker.swift in Sources */ = {isa = PBXBuildFile; fileRef = B818366F1BB80C8700730371 /* BooksHomeChecker.swift */; };
		B81836721BB8115700730371 /* CoreDataSave.swift in Sources */ = {isa = PBXBuildFile; fileRef = B81836711BB8115700730371 /* CoreDataSave.swift */; };
		B81836751BB8121A00730371 /* ew.m in Sources */ = {isa = PBXBuildFile; fileRef = B81836741BB8121A00730371 /* ew.m */; };
		B818367D1BB812B500730371 /* facebook.png in Resources */ = {isa = PBXBuildFile; fileRef = B81836771BB812B500730371 /* facebook.png */; };
		B81836891BB8135900730371 /* twitter.png in Resources */ = {isa = PBXBuildFile; fileRef = B81836851BB8135900730371 /* twitter.png */; };
		B818368A1BB8135900730371 /* wikipedia.png in Resources */ = {isa = PBXBuildFile; fileRef = B81836861BB8135900730371 /* wikipedia.png */; };
		B818368B1BB8135900730371 /* yahoo.png in Resources */ = {isa = PBXBuildFile; fileRef = B81836871BB8135900730371 /* yahoo.png */; };
		B818368C1BB8135900730371 /* youtube.png in Resources */ = {isa = PBXBuildFile; fileRef = B81836881BB8135900730371 /* youtube.png */; };
		B81A0DF51BAC295800A93125 /* home.html in Resources */ = {isa = PBXBuildFile; fileRef = B86D9A4F1BAAE11B000808C5 /* home.html */; };
		B81A0DF71BAC4DBB00A93125 /* SFHomeVC.swift in Sources */ = {isa = PBXBuildFile; fileRef = B81A0DF61BAC4DBB00A93125 /* SFHomeVC.swift */; };
		B81A0E011BAC52C700A93125 /* SFHomeCollectionVC.swift in Sources */ = {isa = PBXBuildFile; fileRef = B81A0E001BAC52C700A93125 /* SFHomeCollectionVC.swift */; };
		B81A0E031BAC530100A93125 /* SFCells.swift in Sources */ = {isa = PBXBuildFile; fileRef = B81A0E021BAC530100A93125 /* SFCells.swift */; };
		B81A0E061BAC536E00A93125 /* LXReorderableCollectionViewFlowLayout.m in Sources */ = {isa = PBXBuildFile; fileRef = B81A0E051BAC536E00A93125 /* LXReorderableCollectionViewFlowLayout.m */; };
		B82C06BD1BBD5167006238E0 /* Constraint.swift in Sources */ = {isa = PBXBuildFile; fileRef = B82C06AF1BBD5167006238E0 /* Constraint.swift */; };
		B82C06BE1BBD5167006238E0 /* ConstraintAttributes.swift in Sources */ = {isa = PBXBuildFile; fileRef = B82C06B01BBD5167006238E0 /* ConstraintAttributes.swift */; };
		B82C06BF1BBD5167006238E0 /* ConstraintDescription.swift in Sources */ = {isa = PBXBuildFile; fileRef = B82C06B11BBD5167006238E0 /* ConstraintDescription.swift */; };
		B82C06C01BBD5167006238E0 /* ConstraintItem.swift in Sources */ = {isa = PBXBuildFile; fileRef = B82C06B21BBD5167006238E0 /* ConstraintItem.swift */; };
		B82C06C11BBD5167006238E0 /* ConstraintMaker.swift in Sources */ = {isa = PBXBuildFile; fileRef = B82C06B31BBD5167006238E0 /* ConstraintMaker.swift */; };
		B82C06C21BBD5167006238E0 /* ConstraintRelation.swift in Sources */ = {isa = PBXBuildFile; fileRef = B82C06B41BBD5167006238E0 /* ConstraintRelation.swift */; };
		B82C06C31BBD5167006238E0 /* Debugging.swift in Sources */ = {isa = PBXBuildFile; fileRef = B82C06B51BBD5167006238E0 /* Debugging.swift */; };
		B82C06C41BBD5167006238E0 /* EdgeInsets.swift in Sources */ = {isa = PBXBuildFile; fileRef = B82C06B61BBD5167006238E0 /* EdgeInsets.swift */; };
		B82C06C51BBD5167006238E0 /* Info.plist in Resources */ = {isa = PBXBuildFile; fileRef = B82C06B71BBD5167006238E0 /* Info.plist */; };
		B82C06C61BBD5167006238E0 /* LayoutConstraint.swift in Sources */ = {isa = PBXBuildFile; fileRef = B82C06B81BBD5167006238E0 /* LayoutConstraint.swift */; };
		B82C06C71BBD5167006238E0 /* SnapKit.swift in Sources */ = {isa = PBXBuildFile; fileRef = B82C06BA1BBD5167006238E0 /* SnapKit.swift */; };
		B82C06C81BBD5167006238E0 /* View+SnapKit.swift in Sources */ = {isa = PBXBuildFile; fileRef = B82C06BB1BBD5167006238E0 /* View+SnapKit.swift */; };
		B82C06C91BBD5167006238E0 /* ViewController+SnapKit.swift in Sources */ = {isa = PBXBuildFile; fileRef = B82C06BC1BBD5167006238E0 /* ViewController+SnapKit.swift */; };
		B82C06CB1BBD8D21006238E0 /* SFBookmarksTable.swift in Sources */ = {isa = PBXBuildFile; fileRef = B82C06CA1BBD8D21006238E0 /* SFBookmarksTable.swift */; };
		B82DA1911BA736FD00C89740 /* SFTabs.swift in Sources */ = {isa = PBXBuildFile; fileRef = B82DA1901BA736FD00C89740 /* SFTabs.swift */; };
		B82DA1931BA7372900C89740 /* SFTab.swift in Sources */ = {isa = PBXBuildFile; fileRef = B82DA1921BA7372900C89740 /* SFTab.swift */; };
		B82DA1D31BA740E600C89740 /* SFScrollView.swift in Sources */ = {isa = PBXBuildFile; fileRef = B82DA1D21BA740E600C89740 /* SFScrollView.swift */; };
		B82FF4921BB95D4900CEFD19 /* SFButton.swift in Sources */ = {isa = PBXBuildFile; fileRef = B82FF4911BB95D4900CEFD19 /* SFButton.swift */; };
		B833F9131BAEA032001C8AAF /* StarflyV2.xcdatamodeld in Sources */ = {isa = PBXBuildFile; fileRef = B833F9111BAEA032001C8AAF /* StarflyV2.xcdatamodeld */; };
		B833F92A1BAEBE35001C8AAF /* Bookmarks.swift in Sources */ = {isa = PBXBuildFile; fileRef = B833F9271BAEBE35001C8AAF /* Bookmarks.swift */; };
		B833F92B1BAEBE35001C8AAF /* HomeHit.swift in Sources */ = {isa = PBXBuildFile; fileRef = B833F9281BAEBE35001C8AAF /* HomeHit.swift */; };
		B833F92C1BAEBE35001C8AAF /* HistoryHit.swift in Sources */ = {isa = PBXBuildFile; fileRef = B833F9291BAEBE35001C8AAF /* HistoryHit.swift */; };
		B833F9301BAF0818001C8AAF /* abs11.jpg in Resources */ = {isa = PBXBuildFile; fileRef = B833F92D1BAF0818001C8AAF /* abs11.jpg */; };
		B833F9311BAF0818001C8AAF /* abs12.jpg in Resources */ = {isa = PBXBuildFile; fileRef = B833F92E1BAF0818001C8AAF /* abs12.jpg */; };
		B833F9321BAF0818001C8AAF /* abs13.jpg in Resources */ = {isa = PBXBuildFile; fileRef = B833F92F1BAF0818001C8AAF /* abs13.jpg */; };
		B833F9341BAF08BE001C8AAF /* abs14.jpg in Resources */ = {isa = PBXBuildFile; fileRef = B833F9331BAF08BE001C8AAF /* abs14.jpg */; };
		B833F9361BAF1888001C8AAF /* SFHomeSwitcher.swift in Sources */ = {isa = PBXBuildFile; fileRef = B833F9351BAF1888001C8AAF /* SFHomeSwitcher.swift */; };
		B833F9381BAF359B001C8AAF /* SFHistory.swift in Sources */ = {isa = PBXBuildFile; fileRef = B833F9371BAF359B001C8AAF /* SFHistory.swift */; };
		B833F93A1BAF47A7001C8AAF /* SFBookmarks.swift in Sources */ = {isa = PBXBuildFile; fileRef = B833F9391BAF47A7001C8AAF /* SFBookmarks.swift */; };
		B838B4621BBAFF350023AD3E /* abs1_small.jpg in Resources */ = {isa = PBXBuildFile; fileRef = B838B4541BBAFF340023AD3E /* abs1_small.jpg */; };
		B838B4631BBAFF350023AD3E /* abs2_small.jpg in Resources */ = {isa = PBXBuildFile; fileRef = B838B4551BBAFF340023AD3E /* abs2_small.jpg */; };
		B838B4641BBAFF350023AD3E /* abs3_small.jpg in Resources */ = {isa = PBXBuildFile; fileRef = B838B4561BBAFF340023AD3E /* abs3_small.jpg */; };
		B838B4651BBAFF350023AD3E /* abs4_small.jpg in Resources */ = {isa = PBXBuildFile; fileRef = B838B4571BBAFF340023AD3E /* abs4_small.jpg */; };
		B838B4661BBAFF350023AD3E /* abs5_small.jpg in Resources */ = {isa = PBXBuildFile; fileRef = B838B4581BBAFF340023AD3E /* abs5_small.jpg */; };
		B838B4671BBAFF350023AD3E /* abs6_small.jpg in Resources */ = {isa = PBXBuildFile; fileRef = B838B4591BBAFF340023AD3E /* abs6_small.jpg */; };
		B838B4681BBAFF350023AD3E /* abs7_small.jpg in Resources */ = {isa = PBXBuildFile; fileRef = B838B45A1BBAFF340023AD3E /* abs7_small.jpg */; };
		B838B4691BBAFF350023AD3E /* abs8_small.jpg in Resources */ = {isa = PBXBuildFile; fileRef = B838B45B1BBAFF340023AD3E /* abs8_small.jpg */; };
		B838B46A1BBAFF350023AD3E /* abs9_small.jpg in Resources */ = {isa = PBXBuildFile; fileRef = B838B45C1BBAFF340023AD3E /* abs9_small.jpg */; };
		B838B46B1BBAFF350023AD3E /* abs10_small.jpg in Resources */ = {isa = PBXBuildFile; fileRef = B838B45D1BBAFF340023AD3E /* abs10_small.jpg */; };
		B838B46C1BBAFF350023AD3E /* abs11_small.jpg in Resources */ = {isa = PBXBuildFile; fileRef = B838B45E1BBAFF340023AD3E /* abs11_small.jpg */; };
		B838B46D1BBAFF350023AD3E /* abs12_small.jpg in Resources */ = {isa = PBXBuildFile; fileRef = B838B45F1BBAFF340023AD3E /* abs12_small.jpg */; };
		B838B46E1BBAFF350023AD3E /* abs13_small.jpg in Resources */ = {isa = PBXBuildFile; fileRef = B838B4601BBAFF340023AD3E /* abs13_small.jpg */; };
		B838B46F1BBAFF350023AD3E /* abs14_small.jpg in Resources */ = {isa = PBXBuildFile; fileRef = B838B4611BBAFF340023AD3E /* abs14_small.jpg */; };
		B838B47C1BBB16570023AD3E /* abs15_small.jpg in Resources */ = {isa = PBXBuildFile; fileRef = B838B4701BBB16570023AD3E /* abs15_small.jpg */; };
		B838B47D1BBB16570023AD3E /* abs15.jpg in Resources */ = {isa = PBXBuildFile; fileRef = B838B4711BBB16570023AD3E /* abs15.jpg */; };
		B838B47E1BBB16570023AD3E /* abs16_small.jpg in Resources */ = {isa = PBXBuildFile; fileRef = B838B4721BBB16570023AD3E /* abs16_small.jpg */; };
		B838B47F1BBB16570023AD3E /* abs16.jpg in Resources */ = {isa = PBXBuildFile; fileRef = B838B4731BBB16570023AD3E /* abs16.jpg */; };
		B838B4801BBB16570023AD3E /* abs17_small.jpg in Resources */ = {isa = PBXBuildFile; fileRef = B838B4741BBB16570023AD3E /* abs17_small.jpg */; };
		B838B4811BBB16570023AD3E /* abs17.jpg in Resources */ = {isa = PBXBuildFile; fileRef = B838B4751BBB16570023AD3E /* abs17.jpg */; };
		B838B4821BBB16570023AD3E /* abs18_small.jpg in Resources */ = {isa = PBXBuildFile; fileRef = B838B4761BBB16570023AD3E /* abs18_small.jpg */; };
		B838B4831BBB16570023AD3E /* abs18.jpg in Resources */ = {isa = PBXBuildFile; fileRef = B838B4771BBB16570023AD3E /* abs18.jpg */; };
		B838B4841BBB16570023AD3E /* abs19_small.jpg in Resources */ = {isa = PBXBuildFile; fileRef = B838B4781BBB16570023AD3E /* abs19_small.jpg */; };
		B838B4851BBB16570023AD3E /* abs19.jpg in Resources */ = {isa = PBXBuildFile; fileRef = B838B4791BBB16570023AD3E /* abs19.jpg */; };
		B838B4861BBB16570023AD3E /* abs20_small.jpg in Resources */ = {isa = PBXBuildFile; fileRef = B838B47A1BBB16570023AD3E /* abs20_small.jpg */; };
		B838B4871BBB16570023AD3E /* abs20.jpg in Resources */ = {isa = PBXBuildFile; fileRef = B838B47B1BBB16570023AD3E /* abs20.jpg */; };
		B838B4891BBB18900023AD3E /* SFImagePicker.swift in Sources */ = {isa = PBXBuildFile; fileRef = B838B4881BBB18900023AD3E /* SFImagePicker.swift */; };
		B838B48C1BBB201F0023AD3E /* ALRadialMenu.swift in Sources */ = {isa = PBXBuildFile; fileRef = B838B48A1BBB201F0023AD3E /* ALRadialMenu.swift */; };
		B838B48D1BBB201F0023AD3E /* ALRadialMenuButton.swift in Sources */ = {isa = PBXBuildFile; fileRef = B838B48B1BBB201F0023AD3E /* ALRadialMenuButton.swift */; };
		B83A19E81BBEB84E00CD68CA /* SFShare.swift in Sources */ = {isa = PBXBuildFile; fileRef = B83A19E71BBEB84E00CD68CA /* SFShare.swift */; };
		B83BF5AC1BBC23C90060C9C4 /* NSMutableArray+SWUtilityButtons.m in Sources */ = {isa = PBXBuildFile; fileRef = B83BF5A11BBC23C90060C9C4 /* NSMutableArray+SWUtilityButtons.m */; };
		B83BF5AD1BBC23C90060C9C4 /* SWCellScrollView.m in Sources */ = {isa = PBXBuildFile; fileRef = B83BF5A31BBC23C90060C9C4 /* SWCellScrollView.m */; };
		B83BF5AE1BBC23C90060C9C4 /* SWLongPressGestureRecognizer.m in Sources */ = {isa = PBXBuildFile; fileRef = B83BF5A51BBC23C90060C9C4 /* SWLongPressGestureRecognizer.m */; };
		B83BF5AF1BBC23C90060C9C4 /* SWTableViewCell.m in Sources */ = {isa = PBXBuildFile; fileRef = B83BF5A71BBC23C90060C9C4 /* SWTableViewCell.m */; };
		B83BF5B01BBC23C90060C9C4 /* SWUtilityButtonTapGestureRecognizer.m in Sources */ = {isa = PBXBuildFile; fileRef = B83BF5A91BBC23C90060C9C4 /* SWUtilityButtonTapGestureRecognizer.m */; };
		B83BF5B11BBC23C90060C9C4 /* SWUtilityButtonView.m in Sources */ = {isa = PBXBuildFile; fileRef = B83BF5AB1BBC23C90060C9C4 /* SWUtilityButtonView.m */; };
		B83BF5B31BBC573D0060C9C4 /* SFSettings.swift in Sources */ = {isa = PBXBuildFile; fileRef = B83BF5B21BBC573D0060C9C4 /* SFSettings.swift */; };
		B83F4FA51BC43E7E00F3F792 /* google.png in Resources */ = {isa = PBXBuildFile; fileRef = B83F4FA41BC43E7E00F3F792 /* google.png */; };
		B848D02D1BC04C030063242C /* SCheckBox.swift in Sources */ = {isa = PBXBuildFile; fileRef = B848D02C1BC04C030063242C /* SCheckBox.swift */; };
		B848D02F1BC05C0F0063242C /* SFSearchTable.swift in Sources */ = {isa = PBXBuildFile; fileRef = B848D02E1BC05C0F0063242C /* SFSearchTable.swift */; };
		B848D0311BC05F9C0063242C /* AEXML.swift in Sources */ = {isa = PBXBuildFile; fileRef = B848D0301BC05F9C0063242C /* AEXML.swift */; };
		B86D527B1BC67EC10075E1A4 /* web.js in Resources */ = {isa = PBXBuildFile; fileRef = B86D527A1BC67EC10075E1A4 /* web.js */; };
		B86D527E1BC6AF2F0075E1A4 /* RegExCategories.m in Sources */ = {isa = PBXBuildFile; fileRef = B86D527D1BC6AF2F0075E1A4 /* RegExCategories.m */; };
		B86D9A521BAAE11B000808C5 /* abs9.jpg in Resources */ = {isa = PBXBuildFile; fileRef = B86D9A501BAAE11B000808C5 /* abs9.jpg */; };
		B86D9A541BAAF290000808C5 /* abs1.jpg in Resources */ = {isa = PBXBuildFile; fileRef = B86D9A531BAAF290000808C5 /* abs1.jpg */; };
		B86D9A561BAAF3DD000808C5 /* abs2.jpg in Resources */ = {isa = PBXBuildFile; fileRef = B86D9A551BAAF3DD000808C5 /* abs2.jpg */; };
		B86D9A5D1BAB1963000808C5 /* abs3.jpg in Resources */ = {isa = PBXBuildFile; fileRef = B86D9A571BAB1963000808C5 /* abs3.jpg */; };
		B86D9A5E1BAB1963000808C5 /* abs4.jpg in Resources */ = {isa = PBXBuildFile; fileRef = B86D9A581BAB1963000808C5 /* abs4.jpg */; };
		B86D9A5F1BAB1963000808C5 /* abs5.jpg in Resources */ = {isa = PBXBuildFile; fileRef = B86D9A591BAB1963000808C5 /* abs5.jpg */; };
		B86D9A601BAB1963000808C5 /* abs6.jpg in Resources */ = {isa = PBXBuildFile; fileRef = B86D9A5A1BAB1963000808C5 /* abs6.jpg */; };
		B86D9A611BAB1963000808C5 /* abs7.jpg in Resources */ = {isa = PBXBuildFile; fileRef = B86D9A5B1BAB1963000808C5 /* abs7.jpg */; };
		B86D9A621BAB1963000808C5 /* abs8.jpg in Resources */ = {isa = PBXBuildFile; fileRef = B86D9A5C1BAB1963000808C5 /* abs8.jpg */; };
		B86D9A641BAB1A85000808C5 /* abs10.jpg in Resources */ = {isa = PBXBuildFile; fileRef = B86D9A631BAB1A85000808C5 /* abs10.jpg */; };
		B8ECA7E41BA5AF3500A95D36 /* AppDelegate.swift in Sources */ = {isa = PBXBuildFile; fileRef = B8ECA7E31BA5AF3500A95D36 /* AppDelegate.swift */; };
		B8ECA7E61BA5AF3500A95D36 /* ViewController.swift in Sources */ = {isa = PBXBuildFile; fileRef = B8ECA7E51BA5AF3500A95D36 /* ViewController.swift */; };
		B8ECA7E91BA5AF3500A95D36 /* Main.storyboard in Resources */ = {isa = PBXBuildFile; fileRef = B8ECA7E71BA5AF3500A95D36 /* Main.storyboard */; };
		B8ECA7EE1BA5AF3500A95D36 /* Assets.xcassets in Resources */ = {isa = PBXBuildFile; fileRef = B8ECA7ED1BA5AF3500A95D36 /* Assets.xcassets */; };
		B8ECA7F11BA5AF3500A95D36 /* LaunchScreen.storyboard in Resources */ = {isa = PBXBuildFile; fileRef = B8ECA7EF1BA5AF3500A95D36 /* LaunchScreen.storyboard */; };
		B8ECA7FC1BA5AF3500A95D36 /* StarflyTests.swift in Sources */ = {isa = PBXBuildFile; fileRef = B8ECA7FB1BA5AF3500A95D36 /* StarflyTests.swift */; };
		B8ECA8071BA5AF3500A95D36 /* StarflyUITests.swift in Sources */ = {isa = PBXBuildFile; fileRef = B8ECA8061BA5AF3500A95D36 /* StarflyUITests.swift */; };
/* End PBXBuildFile section */

/* Begin PBXContainerItemProxy section */
		B8ECA7F81BA5AF3500A95D36 /* PBXContainerItemProxy */ = {
			isa = PBXContainerItemProxy;
			containerPortal = B8ECA7D81BA5AF3500A95D36 /* Project object */;
			proxyType = 1;
			remoteGlobalIDString = B8ECA7DF1BA5AF3500A95D36;
			remoteInfo = Starfly;
		};
		B8ECA8031BA5AF3500A95D36 /* PBXContainerItemProxy */ = {
			isa = PBXContainerItemProxy;
			containerPortal = B8ECA7D81BA5AF3500A95D36 /* Project object */;
			proxyType = 1;
			remoteGlobalIDString = B8ECA7DF1BA5AF3500A95D36;
			remoteInfo = Starfly;
		};
/* End PBXContainerItemProxy section */

/* Begin PBXFileReference section */
		B807A05E1BA6A942000A9ED4 /* Starfly copy-Info.plist */ = {isa = PBXFileReference; lastKnownFileType = text.plist.xml; name = "Starfly copy-Info.plist"; path = "/Users/NealCeffrey/Desktop/Development/Starfly/Starfly copy-Info.plist"; sourceTree = "<absolute>"; };
		B807A0911BA6AA10000A9ED4 /* Constants.swift */ = {isa = PBXFileReference; fileEncoding = 4; lastKnownFileType = sourcecode.swift; path = Constants.swift; sourceTree = "<group>"; };
		B807A0921BA6AA10000A9ED4 /* Extensions.swift */ = {isa = PBXFileReference; fileEncoding = 4; lastKnownFileType = sourcecode.swift; path = Extensions.swift; sourceTree = "<group>"; };
		B807A0931BA6AA10000A9ED4 /* SFClock.swift */ = {isa = PBXFileReference; fileEncoding = 4; lastKnownFileType = sourcecode.swift; path = SFClock.swift; sourceTree = "<group>"; };
		B807A0941BA6AA10000A9ED4 /* SFUrlBar.swift */ = {isa = PBXFileReference; fileEncoding = 4; lastKnownFileType = sourcecode.swift; path = SFUrlBar.swift; sourceTree = "<group>"; };
		B807A0951BA6AA10000A9ED4 /* SFView.swift */ = {isa = PBXFileReference; fileEncoding = 4; lastKnownFileType = sourcecode.swift; path = SFView.swift; sourceTree = "<group>"; };
		B8125D891BA9A79300F3A1BE /* SFWebVC.swift */ = {isa = PBXFileReference; fileEncoding = 4; lastKnownFileType = sourcecode.swift; path = SFWebVC.swift; sourceTree = "<group>"; };
		B8125D8B1BA9AA9900F3A1BE /* SFTabContents.swift */ = {isa = PBXFileReference; fileEncoding = 4; lastKnownFileType = sourcecode.swift; path = SFTabContents.swift; sourceTree = "<group>"; };
		B818366D1BB8026000730371 /* Starfly-Bridging-Header.h */ = {isa = PBXFileReference; lastKnownFileType = sourcecode.c.h; path = "Starfly-Bridging-Header.h"; sourceTree = SOURCE_ROOT; };
		B818366E1BB80BE400730371 /* StarflyV2_ 3.xcdatamodel */ = {isa = PBXFileReference; lastKnownFileType = wrapper.xcdatamodel; path = "StarflyV2_ 3.xcdatamodel"; sourceTree = "<group>"; };
		B818366F1BB80C8700730371 /* BooksHomeChecker.swift */ = {isa = PBXFileReference; fileEncoding = 4; lastKnownFileType = sourcecode.swift; path = BooksHomeChecker.swift; sourceTree = "<group>"; };
		B81836711BB8115700730371 /* CoreDataSave.swift */ = {isa = PBXFileReference; fileEncoding = 4; lastKnownFileType = sourcecode.swift; path = CoreDataSave.swift; sourceTree = "<group>"; };
		B81836731BB8121A00730371 /* ew.h */ = {isa = PBXFileReference; fileEncoding = 4; lastKnownFileType = sourcecode.c.h; path = ew.h; sourceTree = "<group>"; };
		B81836741BB8121A00730371 /* ew.m */ = {isa = PBXFileReference; fileEncoding = 4; lastKnownFileType = sourcecode.c.objc; path = ew.m; sourceTree = "<group>"; };
		B81836771BB812B500730371 /* facebook.png */ = {isa = PBXFileReference; lastKnownFileType = image.png; name = facebook.png; path = ../../../Starfly/StarflyV2/StarflyV2/facebook.png; sourceTree = "<group>"; };
		B81836851BB8135900730371 /* twitter.png */ = {isa = PBXFileReference; lastKnownFileType = image.png; path = twitter.png; sourceTree = "<group>"; };
		B81836861BB8135900730371 /* wikipedia.png */ = {isa = PBXFileReference; lastKnownFileType = image.png; path = wikipedia.png; sourceTree = "<group>"; };
		B81836871BB8135900730371 /* yahoo.png */ = {isa = PBXFileReference; lastKnownFileType = image.png; path = yahoo.png; sourceTree = "<group>"; };
		B81836881BB8135900730371 /* youtube.png */ = {isa = PBXFileReference; lastKnownFileType = image.png; path = youtube.png; sourceTree = "<group>"; };
		B81A0DF61BAC4DBB00A93125 /* SFHomeVC.swift */ = {isa = PBXFileReference; fileEncoding = 4; lastKnownFileType = sourcecode.swift; path = SFHomeVC.swift; sourceTree = "<group>"; };
		B81A0E001BAC52C700A93125 /* SFHomeCollectionVC.swift */ = {isa = PBXFileReference; fileEncoding = 4; lastKnownFileType = sourcecode.swift; path = SFHomeCollectionVC.swift; sourceTree = "<group>"; };
		B81A0E021BAC530100A93125 /* SFCells.swift */ = {isa = PBXFileReference; fileEncoding = 4; lastKnownFileType = sourcecode.swift; path = SFCells.swift; sourceTree = "<group>"; };
		B81A0E041BAC536E00A93125 /* LXReorderableCollectionViewFlowLayout.h */ = {isa = PBXFileReference; fileEncoding = 4; lastKnownFileType = sourcecode.c.h; path = LXReorderableCollectionViewFlowLayout.h; sourceTree = "<group>"; };
		B81A0E051BAC536E00A93125 /* LXReorderableCollectionViewFlowLayout.m */ = {isa = PBXFileReference; fileEncoding = 4; lastKnownFileType = sourcecode.c.objc; path = LXReorderableCollectionViewFlowLayout.m; sourceTree = "<group>"; };
		B82C06AF1BBD5167006238E0 /* Constraint.swift */ = {isa = PBXFileReference; fileEncoding = 4; lastKnownFileType = sourcecode.swift; path = Constraint.swift; sourceTree = "<group>"; };
		B82C06B01BBD5167006238E0 /* ConstraintAttributes.swift */ = {isa = PBXFileReference; fileEncoding = 4; lastKnownFileType = sourcecode.swift; path = ConstraintAttributes.swift; sourceTree = "<group>"; };
		B82C06B11BBD5167006238E0 /* ConstraintDescription.swift */ = {isa = PBXFileReference; fileEncoding = 4; lastKnownFileType = sourcecode.swift; path = ConstraintDescription.swift; sourceTree = "<group>"; };
		B82C06B21BBD5167006238E0 /* ConstraintItem.swift */ = {isa = PBXFileReference; fileEncoding = 4; lastKnownFileType = sourcecode.swift; path = ConstraintItem.swift; sourceTree = "<group>"; };
		B82C06B31BBD5167006238E0 /* ConstraintMaker.swift */ = {isa = PBXFileReference; fileEncoding = 4; lastKnownFileType = sourcecode.swift; path = ConstraintMaker.swift; sourceTree = "<group>"; };
		B82C06B41BBD5167006238E0 /* ConstraintRelation.swift */ = {isa = PBXFileReference; fileEncoding = 4; lastKnownFileType = sourcecode.swift; path = ConstraintRelation.swift; sourceTree = "<group>"; };
		B82C06B51BBD5167006238E0 /* Debugging.swift */ = {isa = PBXFileReference; fileEncoding = 4; lastKnownFileType = sourcecode.swift; path = Debugging.swift; sourceTree = "<group>"; };
		B82C06B61BBD5167006238E0 /* EdgeInsets.swift */ = {isa = PBXFileReference; fileEncoding = 4; lastKnownFileType = sourcecode.swift; path = EdgeInsets.swift; sourceTree = "<group>"; };
		B82C06B71BBD5167006238E0 /* Info.plist */ = {isa = PBXFileReference; fileEncoding = 4; lastKnownFileType = text.plist.xml; path = Info.plist; sourceTree = "<group>"; };
		B82C06B81BBD5167006238E0 /* LayoutConstraint.swift */ = {isa = PBXFileReference; fileEncoding = 4; lastKnownFileType = sourcecode.swift; path = LayoutConstraint.swift; sourceTree = "<group>"; };
		B82C06B91BBD5167006238E0 /* SnapKit.h */ = {isa = PBXFileReference; fileEncoding = 4; lastKnownFileType = sourcecode.c.h; path = SnapKit.h; sourceTree = "<group>"; };
		B82C06BA1BBD5167006238E0 /* SnapKit.swift */ = {isa = PBXFileReference; fileEncoding = 4; lastKnownFileType = sourcecode.swift; path = SnapKit.swift; sourceTree = "<group>"; };
		B82C06BB1BBD5167006238E0 /* View+SnapKit.swift */ = {isa = PBXFileReference; fileEncoding = 4; lastKnownFileType = sourcecode.swift; path = "View+SnapKit.swift"; sourceTree = "<group>"; };
		B82C06BC1BBD5167006238E0 /* ViewController+SnapKit.swift */ = {isa = PBXFileReference; fileEncoding = 4; lastKnownFileType = sourcecode.swift; path = "ViewController+SnapKit.swift"; sourceTree = "<group>"; };
		B82C06CA1BBD8D21006238E0 /* SFBookmarksTable.swift */ = {isa = PBXFileReference; fileEncoding = 4; lastKnownFileType = sourcecode.swift; path = SFBookmarksTable.swift; sourceTree = "<group>"; };
		B82DA1901BA736FD00C89740 /* SFTabs.swift */ = {isa = PBXFileReference; fileEncoding = 4; lastKnownFileType = sourcecode.swift; path = SFTabs.swift; sourceTree = "<group>"; };
		B82DA1921BA7372900C89740 /* SFTab.swift */ = {isa = PBXFileReference; fileEncoding = 4; lastKnownFileType = sourcecode.swift; path = SFTab.swift; sourceTree = "<group>"; };
		B82DA1D21BA740E600C89740 /* SFScrollView.swift */ = {isa = PBXFileReference; fileEncoding = 4; lastKnownFileType = sourcecode.swift; path = SFScrollView.swift; sourceTree = "<group>"; };
		B82FF4911BB95D4900CEFD19 /* SFButton.swift */ = {isa = PBXFileReference; fileEncoding = 4; lastKnownFileType = sourcecode.swift; path = SFButton.swift; sourceTree = "<group>"; };
		B833F9121BAEA032001C8AAF /* StarflyV2.xcdatamodel */ = {isa = PBXFileReference; lastKnownFileType = wrapper.xcdatamodel; path = StarflyV2.xcdatamodel; sourceTree = "<group>"; };
		B833F9141BAEA20C001C8AAF /* StarflyV2_2.xcdatamodel */ = {isa = PBXFileReference; lastKnownFileType = wrapper.xcdatamodel; path = StarflyV2_2.xcdatamodel; sourceTree = "<group>"; };
		B833F9271BAEBE35001C8AAF /* Bookmarks.swift */ = {isa = PBXFileReference; fileEncoding = 4; lastKnownFileType = sourcecode.swift; path = Bookmarks.swift; sourceTree = "<group>"; };
		B833F9281BAEBE35001C8AAF /* HomeHit.swift */ = {isa = PBXFileReference; fileEncoding = 4; lastKnownFileType = sourcecode.swift; path = HomeHit.swift; sourceTree = "<group>"; };
		B833F9291BAEBE35001C8AAF /* HistoryHit.swift */ = {isa = PBXFileReference; fileEncoding = 4; lastKnownFileType = sourcecode.swift; path = HistoryHit.swift; sourceTree = "<group>"; };
		B833F92D1BAF0818001C8AAF /* abs11.jpg */ = {isa = PBXFileReference; lastKnownFileType = image.jpeg; path = abs11.jpg; sourceTree = "<group>"; };
		B833F92E1BAF0818001C8AAF /* abs12.jpg */ = {isa = PBXFileReference; lastKnownFileType = image.jpeg; path = abs12.jpg; sourceTree = "<group>"; };
		B833F92F1BAF0818001C8AAF /* abs13.jpg */ = {isa = PBXFileReference; lastKnownFileType = image.jpeg; path = abs13.jpg; sourceTree = "<group>"; };
		B833F9331BAF08BE001C8AAF /* abs14.jpg */ = {isa = PBXFileReference; lastKnownFileType = image.jpeg; path = abs14.jpg; sourceTree = "<group>"; };
		B833F9351BAF1888001C8AAF /* SFHomeSwitcher.swift */ = {isa = PBXFileReference; fileEncoding = 4; lastKnownFileType = sourcecode.swift; path = SFHomeSwitcher.swift; sourceTree = "<group>"; };
		B833F9371BAF359B001C8AAF /* SFHistory.swift */ = {isa = PBXFileReference; fileEncoding = 4; lastKnownFileType = sourcecode.swift; path = SFHistory.swift; sourceTree = "<group>"; };
		B833F9391BAF47A7001C8AAF /* SFBookmarks.swift */ = {isa = PBXFileReference; fileEncoding = 4; lastKnownFileType = sourcecode.swift; path = SFBookmarks.swift; sourceTree = "<group>"; };
		B838B4541BBAFF340023AD3E /* abs1_small.jpg */ = {isa = PBXFileReference; lastKnownFileType = image.jpeg; path = abs1_small.jpg; sourceTree = "<group>"; };
		B838B4551BBAFF340023AD3E /* abs2_small.jpg */ = {isa = PBXFileReference; lastKnownFileType = image.jpeg; path = abs2_small.jpg; sourceTree = "<group>"; };
		B838B4561BBAFF340023AD3E /* abs3_small.jpg */ = {isa = PBXFileReference; lastKnownFileType = image.jpeg; path = abs3_small.jpg; sourceTree = "<group>"; };
		B838B4571BBAFF340023AD3E /* abs4_small.jpg */ = {isa = PBXFileReference; lastKnownFileType = image.jpeg; path = abs4_small.jpg; sourceTree = "<group>"; };
		B838B4581BBAFF340023AD3E /* abs5_small.jpg */ = {isa = PBXFileReference; lastKnownFileType = image.jpeg; path = abs5_small.jpg; sourceTree = "<group>"; };
		B838B4591BBAFF340023AD3E /* abs6_small.jpg */ = {isa = PBXFileReference; lastKnownFileType = image.jpeg; path = abs6_small.jpg; sourceTree = "<group>"; };
		B838B45A1BBAFF340023AD3E /* abs7_small.jpg */ = {isa = PBXFileReference; lastKnownFileType = image.jpeg; path = abs7_small.jpg; sourceTree = "<group>"; };
		B838B45B1BBAFF340023AD3E /* abs8_small.jpg */ = {isa = PBXFileReference; lastKnownFileType = image.jpeg; path = abs8_small.jpg; sourceTree = "<group>"; };
		B838B45C1BBAFF340023AD3E /* abs9_small.jpg */ = {isa = PBXFileReference; lastKnownFileType = image.jpeg; path = abs9_small.jpg; sourceTree = "<group>"; };
		B838B45D1BBAFF340023AD3E /* abs10_small.jpg */ = {isa = PBXFileReference; lastKnownFileType = image.jpeg; path = abs10_small.jpg; sourceTree = "<group>"; };
		B838B45E1BBAFF340023AD3E /* abs11_small.jpg */ = {isa = PBXFileReference; lastKnownFileType = image.jpeg; path = abs11_small.jpg; sourceTree = "<group>"; };
		B838B45F1BBAFF340023AD3E /* abs12_small.jpg */ = {isa = PBXFileReference; lastKnownFileType = image.jpeg; path = abs12_small.jpg; sourceTree = "<group>"; };
		B838B4601BBAFF340023AD3E /* abs13_small.jpg */ = {isa = PBXFileReference; lastKnownFileType = image.jpeg; path = abs13_small.jpg; sourceTree = "<group>"; };
		B838B4611BBAFF340023AD3E /* abs14_small.jpg */ = {isa = PBXFileReference; lastKnownFileType = image.jpeg; path = abs14_small.jpg; sourceTree = "<group>"; };
		B838B4701BBB16570023AD3E /* abs15_small.jpg */ = {isa = PBXFileReference; lastKnownFileType = image.jpeg; path = abs15_small.jpg; sourceTree = "<group>"; };
		B838B4711BBB16570023AD3E /* abs15.jpg */ = {isa = PBXFileReference; lastKnownFileType = image.jpeg; path = abs15.jpg; sourceTree = "<group>"; };
		B838B4721BBB16570023AD3E /* abs16_small.jpg */ = {isa = PBXFileReference; lastKnownFileType = image.jpeg; path = abs16_small.jpg; sourceTree = "<group>"; };
		B838B4731BBB16570023AD3E /* abs16.jpg */ = {isa = PBXFileReference; lastKnownFileType = image.jpeg; path = abs16.jpg; sourceTree = "<group>"; };
		B838B4741BBB16570023AD3E /* abs17_small.jpg */ = {isa = PBXFileReference; lastKnownFileType = image.jpeg; path = abs17_small.jpg; sourceTree = "<group>"; };
		B838B4751BBB16570023AD3E /* abs17.jpg */ = {isa = PBXFileReference; lastKnownFileType = image.jpeg; path = abs17.jpg; sourceTree = "<group>"; };
		B838B4761BBB16570023AD3E /* abs18_small.jpg */ = {isa = PBXFileReference; lastKnownFileType = image.jpeg; path = abs18_small.jpg; sourceTree = "<group>"; };
		B838B4771BBB16570023AD3E /* abs18.jpg */ = {isa = PBXFileReference; lastKnownFileType = image.jpeg; path = abs18.jpg; sourceTree = "<group>"; };
		B838B4781BBB16570023AD3E /* abs19_small.jpg */ = {isa = PBXFileReference; lastKnownFileType = image.jpeg; path = abs19_small.jpg; sourceTree = "<group>"; };
		B838B4791BBB16570023AD3E /* abs19.jpg */ = {isa = PBXFileReference; lastKnownFileType = image.jpeg; path = abs19.jpg; sourceTree = "<group>"; };
		B838B47A1BBB16570023AD3E /* abs20_small.jpg */ = {isa = PBXFileReference; lastKnownFileType = image.jpeg; path = abs20_small.jpg; sourceTree = "<group>"; };
		B838B47B1BBB16570023AD3E /* abs20.jpg */ = {isa = PBXFileReference; lastKnownFileType = image.jpeg; path = abs20.jpg; sourceTree = "<group>"; };
		B838B4881BBB18900023AD3E /* SFImagePicker.swift */ = {isa = PBXFileReference; fileEncoding = 4; lastKnownFileType = sourcecode.swift; path = SFImagePicker.swift; sourceTree = "<group>"; };
		B838B48A1BBB201F0023AD3E /* ALRadialMenu.swift */ = {isa = PBXFileReference; fileEncoding = 4; lastKnownFileType = sourcecode.swift; path = ALRadialMenu.swift; sourceTree = "<group>"; };
		B838B48B1BBB201F0023AD3E /* ALRadialMenuButton.swift */ = {isa = PBXFileReference; fileEncoding = 4; lastKnownFileType = sourcecode.swift; path = ALRadialMenuButton.swift; sourceTree = "<group>"; };
		B83A19E71BBEB84E00CD68CA /* SFShare.swift */ = {isa = PBXFileReference; fileEncoding = 4; lastKnownFileType = sourcecode.swift; path = SFShare.swift; sourceTree = "<group>"; };
		B83BF5A01BBC23C90060C9C4 /* NSMutableArray+SWUtilityButtons.h */ = {isa = PBXFileReference; fileEncoding = 4; lastKnownFileType = sourcecode.c.h; path = "NSMutableArray+SWUtilityButtons.h"; sourceTree = "<group>"; };
		B83BF5A11BBC23C90060C9C4 /* NSMutableArray+SWUtilityButtons.m */ = {isa = PBXFileReference; fileEncoding = 4; lastKnownFileType = sourcecode.c.objc; path = "NSMutableArray+SWUtilityButtons.m"; sourceTree = "<group>"; };
		B83BF5A21BBC23C90060C9C4 /* SWCellScrollView.h */ = {isa = PBXFileReference; fileEncoding = 4; lastKnownFileType = sourcecode.c.h; path = SWCellScrollView.h; sourceTree = "<group>"; };
		B83BF5A31BBC23C90060C9C4 /* SWCellScrollView.m */ = {isa = PBXFileReference; fileEncoding = 4; lastKnownFileType = sourcecode.c.objc; path = SWCellScrollView.m; sourceTree = "<group>"; };
		B83BF5A41BBC23C90060C9C4 /* SWLongPressGestureRecognizer.h */ = {isa = PBXFileReference; fileEncoding = 4; lastKnownFileType = sourcecode.c.h; path = SWLongPressGestureRecognizer.h; sourceTree = "<group>"; };
		B83BF5A51BBC23C90060C9C4 /* SWLongPressGestureRecognizer.m */ = {isa = PBXFileReference; fileEncoding = 4; lastKnownFileType = sourcecode.c.objc; path = SWLongPressGestureRecognizer.m; sourceTree = "<group>"; };
		B83BF5A61BBC23C90060C9C4 /* SWTableViewCell.h */ = {isa = PBXFileReference; fileEncoding = 4; lastKnownFileType = sourcecode.c.h; path = SWTableViewCell.h; sourceTree = "<group>"; };
		B83BF5A71BBC23C90060C9C4 /* SWTableViewCell.m */ = {isa = PBXFileReference; fileEncoding = 4; lastKnownFileType = sourcecode.c.objc; path = SWTableViewCell.m; sourceTree = "<group>"; };
		B83BF5A81BBC23C90060C9C4 /* SWUtilityButtonTapGestureRecognizer.h */ = {isa = PBXFileReference; fileEncoding = 4; lastKnownFileType = sourcecode.c.h; path = SWUtilityButtonTapGestureRecognizer.h; sourceTree = "<group>"; };
		B83BF5A91BBC23C90060C9C4 /* SWUtilityButtonTapGestureRecognizer.m */ = {isa = PBXFileReference; fileEncoding = 4; lastKnownFileType = sourcecode.c.objc; path = SWUtilityButtonTapGestureRecognizer.m; sourceTree = "<group>"; };
		B83BF5AA1BBC23C90060C9C4 /* SWUtilityButtonView.h */ = {isa = PBXFileReference; fileEncoding = 4; lastKnownFileType = sourcecode.c.h; path = SWUtilityButtonView.h; sourceTree = "<group>"; };
		B83BF5AB1BBC23C90060C9C4 /* SWUtilityButtonView.m */ = {isa = PBXFileReference; fileEncoding = 4; lastKnownFileType = sourcecode.c.objc; path = SWUtilityButtonView.m; sourceTree = "<group>"; };
		B83BF5B21BBC573D0060C9C4 /* SFSettings.swift */ = {isa = PBXFileReference; fileEncoding = 4; lastKnownFileType = sourcecode.swift; path = SFSettings.swift; sourceTree = "<group>"; };
		B83F4FA41BC43E7E00F3F792 /* google.png */ = {isa = PBXFileReference; lastKnownFileType = image.png; path = google.png; sourceTree = "<group>"; };
		B848D02C1BC04C030063242C /* SCheckBox.swift */ = {isa = PBXFileReference; fileEncoding = 4; lastKnownFileType = sourcecode.swift; path = SCheckBox.swift; sourceTree = "<group>"; };
		B848D02E1BC05C0F0063242C /* SFSearchTable.swift */ = {isa = PBXFileReference; fileEncoding = 4; lastKnownFileType = sourcecode.swift; path = SFSearchTable.swift; sourceTree = "<group>"; };
		B848D0301BC05F9C0063242C /* AEXML.swift */ = {isa = PBXFileReference; fileEncoding = 4; lastKnownFileType = sourcecode.swift; path = AEXML.swift; sourceTree = "<group>"; };
		B86D527A1BC67EC10075E1A4 /* web.js */ = {isa = PBXFileReference; fileEncoding = 4; lastKnownFileType = sourcecode.javascript; path = web.js; sourceTree = "<group>"; };
		B86D527C1BC6AF2F0075E1A4 /* RegExCategories.h */ = {isa = PBXFileReference; fileEncoding = 4; lastKnownFileType = sourcecode.c.h; path = RegExCategories.h; sourceTree = "<group>"; };
		B86D527D1BC6AF2F0075E1A4 /* RegExCategories.m */ = {isa = PBXFileReference; fileEncoding = 4; lastKnownFileType = sourcecode.c.objc; path = RegExCategories.m; sourceTree = "<group>"; };
		B86D9A4F1BAAE11B000808C5 /* home.html */ = {isa = PBXFileReference; fileEncoding = 4; lastKnownFileType = text.html; path = home.html; sourceTree = "<group>"; };
		B86D9A501BAAE11B000808C5 /* abs9.jpg */ = {isa = PBXFileReference; lastKnownFileType = image.jpeg; path = abs9.jpg; sourceTree = "<group>"; };
		B86D9A531BAAF290000808C5 /* abs1.jpg */ = {isa = PBXFileReference; lastKnownFileType = image.jpeg; path = abs1.jpg; sourceTree = "<group>"; };
		B86D9A551BAAF3DD000808C5 /* abs2.jpg */ = {isa = PBXFileReference; lastKnownFileType = image.jpeg; path = abs2.jpg; sourceTree = "<group>"; };
		B86D9A571BAB1963000808C5 /* abs3.jpg */ = {isa = PBXFileReference; lastKnownFileType = image.jpeg; path = abs3.jpg; sourceTree = "<group>"; };
		B86D9A581BAB1963000808C5 /* abs4.jpg */ = {isa = PBXFileReference; lastKnownFileType = image.jpeg; path = abs4.jpg; sourceTree = "<group>"; };
		B86D9A591BAB1963000808C5 /* abs5.jpg */ = {isa = PBXFileReference; lastKnownFileType = image.jpeg; path = abs5.jpg; sourceTree = "<group>"; };
		B86D9A5A1BAB1963000808C5 /* abs6.jpg */ = {isa = PBXFileReference; lastKnownFileType = image.jpeg; path = abs6.jpg; sourceTree = "<group>"; };
		B86D9A5B1BAB1963000808C5 /* abs7.jpg */ = {isa = PBXFileReference; lastKnownFileType = image.jpeg; path = abs7.jpg; sourceTree = "<group>"; };
		B86D9A5C1BAB1963000808C5 /* abs8.jpg */ = {isa = PBXFileReference; lastKnownFileType = image.jpeg; path = abs8.jpg; sourceTree = "<group>"; };
		B86D9A631BAB1A85000808C5 /* abs10.jpg */ = {isa = PBXFileReference; lastKnownFileType = image.jpeg; path = abs10.jpg; sourceTree = "<group>"; };
		B8ECA7E01BA5AF3500A95D36 /* Starfly.app */ = {isa = PBXFileReference; explicitFileType = wrapper.application; includeInIndex = 0; path = Starfly.app; sourceTree = BUILT_PRODUCTS_DIR; };
		B8ECA7E31BA5AF3500A95D36 /* AppDelegate.swift */ = {isa = PBXFileReference; lastKnownFileType = sourcecode.swift; path = AppDelegate.swift; sourceTree = "<group>"; };
		B8ECA7E51BA5AF3500A95D36 /* ViewController.swift */ = {isa = PBXFileReference; lastKnownFileType = sourcecode.swift; path = ViewController.swift; sourceTree = "<group>"; };
		B8ECA7E81BA5AF3500A95D36 /* Base */ = {isa = PBXFileReference; lastKnownFileType = file.storyboard; name = Base; path = Base.lproj/Main.storyboard; sourceTree = "<group>"; };
		B8ECA7ED1BA5AF3500A95D36 /* Assets.xcassets */ = {isa = PBXFileReference; lastKnownFileType = folder.assetcatalog; path = Assets.xcassets; sourceTree = "<group>"; };
		B8ECA7F01BA5AF3500A95D36 /* Base */ = {isa = PBXFileReference; lastKnownFileType = file.storyboard; name = Base; path = Base.lproj/LaunchScreen.storyboard; sourceTree = "<group>"; };
		B8ECA7F21BA5AF3500A95D36 /* Info.plist */ = {isa = PBXFileReference; lastKnownFileType = text.plist.xml; path = Info.plist; sourceTree = "<group>"; };
		B8ECA7F71BA5AF3500A95D36 /* StarflyTests.xctest */ = {isa = PBXFileReference; explicitFileType = wrapper.cfbundle; includeInIndex = 0; path = StarflyTests.xctest; sourceTree = BUILT_PRODUCTS_DIR; };
		B8ECA7FB1BA5AF3500A95D36 /* StarflyTests.swift */ = {isa = PBXFileReference; lastKnownFileType = sourcecode.swift; path = StarflyTests.swift; sourceTree = "<group>"; };
		B8ECA7FD1BA5AF3500A95D36 /* Info.plist */ = {isa = PBXFileReference; lastKnownFileType = text.plist.xml; path = Info.plist; sourceTree = "<group>"; };
		B8ECA8021BA5AF3500A95D36 /* StarflyUITests.xctest */ = {isa = PBXFileReference; explicitFileType = wrapper.cfbundle; includeInIndex = 0; path = StarflyUITests.xctest; sourceTree = BUILT_PRODUCTS_DIR; };
		B8ECA8061BA5AF3500A95D36 /* StarflyUITests.swift */ = {isa = PBXFileReference; lastKnownFileType = sourcecode.swift; path = StarflyUITests.swift; sourceTree = "<group>"; };
		B8ECA8081BA5AF3500A95D36 /* Info.plist */ = {isa = PBXFileReference; lastKnownFileType = text.plist.xml; path = Info.plist; sourceTree = "<group>"; };
/* End PBXFileReference section */

/* Begin PBXFrameworksBuildPhase section */
		B8ECA7DD1BA5AF3500A95D36 /* Frameworks */ = {
			isa = PBXFrameworksBuildPhase;
			buildActionMask = 2147483647;
			files = (
			);
			runOnlyForDeploymentPostprocessing = 0;
		};
		B8ECA7F41BA5AF3500A95D36 /* Frameworks */ = {
			isa = PBXFrameworksBuildPhase;
			buildActionMask = 2147483647;
			files = (
			);
			runOnlyForDeploymentPostprocessing = 0;
		};
		B8ECA7FF1BA5AF3500A95D36 /* Frameworks */ = {
			isa = PBXFrameworksBuildPhase;
			buildActionMask = 2147483647;
			files = (
			);
			runOnlyForDeploymentPostprocessing = 0;
		};
/* End PBXFrameworksBuildPhase section */

/* Begin PBXGroup section */
		B8125D8D1BA9DDFA00F3A1BE /* Support */ = {
			isa = PBXGroup;
			children = (
				B82C06AE1BBD5167006238E0 /* Source */,
				B81836761BB8123300730371 /* objc */,
				B8ECA7E71BA5AF3500A95D36 /* Main.storyboard */,
				B8ECA7ED1BA5AF3500A95D36 /* Assets.xcassets */,
				B8ECA7EF1BA5AF3500A95D36 /* LaunchScreen.storyboard */,
				B8ECA7F21BA5AF3500A95D36 /* Info.plist */,
				B833F9271BAEBE35001C8AAF /* Bookmarks.swift */,
				B833F9281BAEBE35001C8AAF /* HomeHit.swift */,
				B833F9291BAEBE35001C8AAF /* HistoryHit.swift */,
				B833F9111BAEA032001C8AAF /* StarflyV2.xcdatamodeld */,
			);
			name = Support;
			sourceTree = "<group>";
		};
		B81836761BB8123300730371 /* objc */ = {
			isa = PBXGroup;
			children = (
				B86D527C1BC6AF2F0075E1A4 /* RegExCategories.h */,
				B86D527D1BC6AF2F0075E1A4 /* RegExCategories.m */,
				B83BF5A01BBC23C90060C9C4 /* NSMutableArray+SWUtilityButtons.h */,
				B83BF5A11BBC23C90060C9C4 /* NSMutableArray+SWUtilityButtons.m */,
				B83BF5A21BBC23C90060C9C4 /* SWCellScrollView.h */,
				B83BF5A31BBC23C90060C9C4 /* SWCellScrollView.m */,
				B83BF5A41BBC23C90060C9C4 /* SWLongPressGestureRecognizer.h */,
				B83BF5A51BBC23C90060C9C4 /* SWLongPressGestureRecognizer.m */,
				B83BF5A61BBC23C90060C9C4 /* SWTableViewCell.h */,
				B83BF5A71BBC23C90060C9C4 /* SWTableViewCell.m */,
				B83BF5A81BBC23C90060C9C4 /* SWUtilityButtonTapGestureRecognizer.h */,
				B83BF5A91BBC23C90060C9C4 /* SWUtilityButtonTapGestureRecognizer.m */,
				B83BF5AA1BBC23C90060C9C4 /* SWUtilityButtonView.h */,
				B83BF5AB1BBC23C90060C9C4 /* SWUtilityButtonView.m */,
				B81836731BB8121A00730371 /* ew.h */,
				B81836741BB8121A00730371 /* ew.m */,
				B818366D1BB8026000730371 /* Starfly-Bridging-Header.h */,
				B81A0E041BAC536E00A93125 /* LXReorderableCollectionViewFlowLayout.h */,
				B81A0E051BAC536E00A93125 /* LXReorderableCollectionViewFlowLayout.m */,
			);
			name = objc;
			sourceTree = "<group>";
		};
		B81836971BB8191B00730371 /* icons */ = {
			isa = PBXGroup;
			children = (
				B81836771BB812B500730371 /* facebook.png */,
				B83F4FA41BC43E7E00F3F792 /* google.png */,
				B81836851BB8135900730371 /* twitter.png */,
				B81836861BB8135900730371 /* wikipedia.png */,
				B81836871BB8135900730371 /* yahoo.png */,
				B81836881BB8135900730371 /* youtube.png */,
			);
			name = icons;
			sourceTree = "<group>";
		};
		B82C06AE1BBD5167006238E0 /* Source */ = {
			isa = PBXGroup;
			children = (
				B82C06AF1BBD5167006238E0 /* Constraint.swift */,
				B82C06B01BBD5167006238E0 /* ConstraintAttributes.swift */,
				B82C06B11BBD5167006238E0 /* ConstraintDescription.swift */,
				B82C06B21BBD5167006238E0 /* ConstraintItem.swift */,
				B82C06B31BBD5167006238E0 /* ConstraintMaker.swift */,
				B82C06B41BBD5167006238E0 /* ConstraintRelation.swift */,
				B82C06B51BBD5167006238E0 /* Debugging.swift */,
				B82C06B61BBD5167006238E0 /* EdgeInsets.swift */,
				B82C06B71BBD5167006238E0 /* Info.plist */,
				B82C06B81BBD5167006238E0 /* LayoutConstraint.swift */,
				B82C06B91BBD5167006238E0 /* SnapKit.h */,
				B82C06BA1BBD5167006238E0 /* SnapKit.swift */,
				B82C06BB1BBD5167006238E0 /* View+SnapKit.swift */,
				B82C06BC1BBD5167006238E0 /* ViewController+SnapKit.swift */,
			);
			path = Source;
			sourceTree = "<group>";
		};
		B86D9A4E1BAAE11B000808C5 /* Home */ = {
			isa = PBXGroup;
			children = (
				B86D9A4F1BAAE11B000808C5 /* home.html */,
				B86D9A531BAAF290000808C5 /* abs1.jpg */,
				B86D9A551BAAF3DD000808C5 /* abs2.jpg */,
				B86D9A571BAB1963000808C5 /* abs3.jpg */,
				B86D9A581BAB1963000808C5 /* abs4.jpg */,
				B86D9A591BAB1963000808C5 /* abs5.jpg */,
				B86D9A5A1BAB1963000808C5 /* abs6.jpg */,
				B86D9A5B1BAB1963000808C5 /* abs7.jpg */,
				B86D9A5C1BAB1963000808C5 /* abs8.jpg */,
				B86D9A501BAAE11B000808C5 /* abs9.jpg */,
				B86D9A631BAB1A85000808C5 /* abs10.jpg */,
				B833F92D1BAF0818001C8AAF /* abs11.jpg */,
				B833F92E1BAF0818001C8AAF /* abs12.jpg */,
				B833F92F1BAF0818001C8AAF /* abs13.jpg */,
				B833F9331BAF08BE001C8AAF /* abs14.jpg */,
				B838B4711BBB16570023AD3E /* abs15.jpg */,
				B838B4731BBB16570023AD3E /* abs16.jpg */,
				B838B4751BBB16570023AD3E /* abs17.jpg */,
				B838B4771BBB16570023AD3E /* abs18.jpg */,
				B838B4791BBB16570023AD3E /* abs19.jpg */,
				B838B47B1BBB16570023AD3E /* abs20.jpg */,
				B838B4541BBAFF340023AD3E /* abs1_small.jpg */,
				B838B4551BBAFF340023AD3E /* abs2_small.jpg */,
				B838B4561BBAFF340023AD3E /* abs3_small.jpg */,
				B838B4571BBAFF340023AD3E /* abs4_small.jpg */,
				B838B4581BBAFF340023AD3E /* abs5_small.jpg */,
				B838B4591BBAFF340023AD3E /* abs6_small.jpg */,
				B838B45A1BBAFF340023AD3E /* abs7_small.jpg */,
				B838B45B1BBAFF340023AD3E /* abs8_small.jpg */,
				B838B45C1BBAFF340023AD3E /* abs9_small.jpg */,
				B838B45D1BBAFF340023AD3E /* abs10_small.jpg */,
				B838B45E1BBAFF340023AD3E /* abs11_small.jpg */,
				B838B45F1BBAFF340023AD3E /* abs12_small.jpg */,
				B838B4601BBAFF340023AD3E /* abs13_small.jpg */,
				B838B4611BBAFF340023AD3E /* abs14_small.jpg */,
				B838B4701BBB16570023AD3E /* abs15_small.jpg */,
				B838B4721BBB16570023AD3E /* abs16_small.jpg */,
				B838B4741BBB16570023AD3E /* abs17_small.jpg */,
				B838B4761BBB16570023AD3E /* abs18_small.jpg */,
				B838B4781BBB16570023AD3E /* abs19_small.jpg */,
				B838B47A1BBB16570023AD3E /* abs20_small.jpg */,
			);
			path = Home;
			sourceTree = "<group>";
		};
		B8ECA7D71BA5AF3400A95D36 = {
			isa = PBXGroup;
			children = (
				B8ECA7E21BA5AF3500A95D36 /* Starfly */,
				B8ECA7FA1BA5AF3500A95D36 /* StarflyTests */,
				B8ECA8051BA5AF3500A95D36 /* StarflyUITests */,
				B8ECA7E11BA5AF3500A95D36 /* Products */,
				B807A05E1BA6A942000A9ED4 /* Starfly copy-Info.plist */,
			);
			sourceTree = "<group>";
		};
		B8ECA7E11BA5AF3500A95D36 /* Products */ = {
			isa = PBXGroup;
			children = (
				B8ECA7E01BA5AF3500A95D36 /* Starfly.app */,
				B8ECA7F71BA5AF3500A95D36 /* StarflyTests.xctest */,
				B8ECA8021BA5AF3500A95D36 /* StarflyUITests.xctest */,
			);
			name = Products;
			sourceTree = "<group>";
		};
		B8ECA7E21BA5AF3500A95D36 /* Starfly */ = {
			isa = PBXGroup;
			children = (
				B8ECA7E31BA5AF3500A95D36 /* AppDelegate.swift */,
				B8ECA7E51BA5AF3500A95D36 /* ViewController.swift */,
				B807A0911BA6AA10000A9ED4 /* Constants.swift */,
				B807A0921BA6AA10000A9ED4 /* Extensions.swift */,
				B807A0931BA6AA10000A9ED4 /* SFClock.swift */,
				B807A0941BA6AA10000A9ED4 /* SFUrlBar.swift */,
				B807A0951BA6AA10000A9ED4 /* SFView.swift */,
				B82FF4911BB95D4900CEFD19 /* SFButton.swift */,
				B82DA1921BA7372900C89740 /* SFTab.swift */,
				B82DA1901BA736FD00C89740 /* SFTabs.swift */,
				B82DA1D21BA740E600C89740 /* SFScrollView.swift */,
				B8125D891BA9A79300F3A1BE /* SFWebVC.swift */,
				B8125D8B1BA9AA9900F3A1BE /* SFTabContents.swift */,
				B81A0DF61BAC4DBB00A93125 /* SFHomeVC.swift */,
				B848D02E1BC05C0F0063242C /* SFSearchTable.swift */,
				B833F9371BAF359B001C8AAF /* SFHistory.swift */,
				B81A0E001BAC52C700A93125 /* SFHomeCollectionVC.swift */,
				B82C06CA1BBD8D21006238E0 /* SFBookmarksTable.swift */,
				B833F9391BAF47A7001C8AAF /* SFBookmarks.swift */,
				B81A0E021BAC530100A93125 /* SFCells.swift */,
				B833F9351BAF1888001C8AAF /* SFHomeSwitcher.swift */,
				B81836711BB8115700730371 /* CoreDataSave.swift */,
				B818366F1BB80C8700730371 /* BooksHomeChecker.swift */,
				B83BF5B21BBC573D0060C9C4 /* SFSettings.swift */,
				B848D02C1BC04C030063242C /* SCheckBox.swift */,
				B83A19E71BBEB84E00CD68CA /* SFShare.swift */,
				B848D0301BC05F9C0063242C /* AEXML.swift */,
				B81836971BB8191B00730371 /* icons */,
				B86D9A4E1BAAE11B000808C5 /* Home */,
				B8125D8D1BA9DDFA00F3A1BE /* Support */,
				B838B4881BBB18900023AD3E /* SFImagePicker.swift */,
				B838B48A1BBB201F0023AD3E /* ALRadialMenu.swift */,
				B838B48B1BBB201F0023AD3E /* ALRadialMenuButton.swift */,
				B86D527A1BC67EC10075E1A4 /* web.js */,
			);
			path = Starfly;
			sourceTree = "<group>";
		};
		B8ECA7FA1BA5AF3500A95D36 /* StarflyTests */ = {
			isa = PBXGroup;
			children = (
				B8ECA7FB1BA5AF3500A95D36 /* StarflyTests.swift */,
				B8ECA7FD1BA5AF3500A95D36 /* Info.plist */,
			);
			path = StarflyTests;
			sourceTree = "<group>";
		};
		B8ECA8051BA5AF3500A95D36 /* StarflyUITests */ = {
			isa = PBXGroup;
			children = (
				B8ECA8061BA5AF3500A95D36 /* StarflyUITests.swift */,
				B8ECA8081BA5AF3500A95D36 /* Info.plist */,
			);
			path = StarflyUITests;
			sourceTree = "<group>";
		};
/* End PBXGroup section */

/* Begin PBXNativeTarget section */
		B8ECA7DF1BA5AF3500A95D36 /* Starfly */ = {
			isa = PBXNativeTarget;
			buildConfigurationList = B8ECA80B1BA5AF3500A95D36 /* Build configuration list for PBXNativeTarget "Starfly" */;
			buildPhases = (
				B8ECA7DC1BA5AF3500A95D36 /* Sources */,
				B8ECA7DD1BA5AF3500A95D36 /* Frameworks */,
				B8ECA7DE1BA5AF3500A95D36 /* Resources */,
			);
			buildRules = (
			);
			dependencies = (
			);
			name = Starfly;
			productName = Starfly;
			productReference = B8ECA7E01BA5AF3500A95D36 /* Starfly.app */;
			productType = "com.apple.product-type.application";
		};
		B8ECA7F61BA5AF3500A95D36 /* StarflyTests */ = {
			isa = PBXNativeTarget;
			buildConfigurationList = B8ECA80E1BA5AF3500A95D36 /* Build configuration list for PBXNativeTarget "StarflyTests" */;
			buildPhases = (
				B8ECA7F31BA5AF3500A95D36 /* Sources */,
				B8ECA7F41BA5AF3500A95D36 /* Frameworks */,
				B8ECA7F51BA5AF3500A95D36 /* Resources */,
			);
			buildRules = (
			);
			dependencies = (
				B8ECA7F91BA5AF3500A95D36 /* PBXTargetDependency */,
			);
			name = StarflyTests;
			productName = StarflyTests;
			productReference = B8ECA7F71BA5AF3500A95D36 /* StarflyTests.xctest */;
			productType = "com.apple.product-type.bundle.unit-test";
		};
		B8ECA8011BA5AF3500A95D36 /* StarflyUITests */ = {
			isa = PBXNativeTarget;
			buildConfigurationList = B8ECA8111BA5AF3500A95D36 /* Build configuration list for PBXNativeTarget "StarflyUITests" */;
			buildPhases = (
				B8ECA7FE1BA5AF3500A95D36 /* Sources */,
				B8ECA7FF1BA5AF3500A95D36 /* Frameworks */,
				B8ECA8001BA5AF3500A95D36 /* Resources */,
			);
			buildRules = (
			);
			dependencies = (
				B8ECA8041BA5AF3500A95D36 /* PBXTargetDependency */,
			);
			name = StarflyUITests;
			productName = StarflyUITests;
			productReference = B8ECA8021BA5AF3500A95D36 /* StarflyUITests.xctest */;
			productType = "com.apple.product-type.bundle.ui-testing";
		};
/* End PBXNativeTarget section */

/* Begin PBXProject section */
		B8ECA7D81BA5AF3500A95D36 /* Project object */ = {
			isa = PBXProject;
			attributes = {
				LastSwiftMigration = 0710;
				LastSwiftUpdateCheck = 0710;
				LastUpgradeCheck = 0700;
				ORGANIZATIONNAME = Starfly;
				TargetAttributes = {
					B8ECA7DF1BA5AF3500A95D36 = {
						CreatedOnToolsVersion = 7.0;
					};
					B8ECA7F61BA5AF3500A95D36 = {
						CreatedOnToolsVersion = 7.0;
						TestTargetID = B8ECA7DF1BA5AF3500A95D36;
					};
					B8ECA8011BA5AF3500A95D36 = {
						CreatedOnToolsVersion = 7.0;
						TestTargetID = B8ECA7DF1BA5AF3500A95D36;
					};
				};
			};
			buildConfigurationList = B8ECA7DB1BA5AF3500A95D36 /* Build configuration list for PBXProject "Starfly" */;
			compatibilityVersion = "Xcode 3.2";
			developmentRegion = English;
			hasScannedForEncodings = 0;
			knownRegions = (
				en,
				Base,
			);
			mainGroup = B8ECA7D71BA5AF3400A95D36;
			productRefGroup = B8ECA7E11BA5AF3500A95D36 /* Products */;
			projectDirPath = "";
			projectRoot = "";
			targets = (
				B8ECA7DF1BA5AF3500A95D36 /* Starfly */,
				B8ECA7F61BA5AF3500A95D36 /* StarflyTests */,
				B8ECA8011BA5AF3500A95D36 /* StarflyUITests */,
			);
		};
/* End PBXProject section */

/* Begin PBXResourcesBuildPhase section */
		B8ECA7DE1BA5AF3500A95D36 /* Resources */ = {
			isa = PBXResourcesBuildPhase;
			buildActionMask = 2147483647;
			files = (
				B838B4641BBAFF350023AD3E /* abs3_small.jpg in Resources */,
				B86D9A5D1BAB1963000808C5 /* abs3.jpg in Resources */,
				B838B4821BBB16570023AD3E /* abs18_small.jpg in Resources */,
				B86D9A641BAB1A85000808C5 /* abs10.jpg in Resources */,
				B838B4691BBAFF350023AD3E /* abs8_small.jpg in Resources */,
				B86D9A621BAB1963000808C5 /* abs8.jpg in Resources */,
				B838B4841BBB16570023AD3E /* abs19_small.jpg in Resources */,
				B838B4661BBAFF350023AD3E /* abs5_small.jpg in Resources */,
				B838B4851BBB16570023AD3E /* abs19.jpg in Resources */,
				B86D9A601BAB1963000808C5 /* abs6.jpg in Resources */,
				B83F4FA51BC43E7E00F3F792 /* google.png in Resources */,
				B86D9A541BAAF290000808C5 /* abs1.jpg in Resources */,
				B818367D1BB812B500730371 /* facebook.png in Resources */,
				B838B46A1BBAFF350023AD3E /* abs9_small.jpg in Resources */,
				B838B4651BBAFF350023AD3E /* abs4_small.jpg in Resources */,
				B838B47F1BBB16570023AD3E /* abs16.jpg in Resources */,
				B86D9A521BAAE11B000808C5 /* abs9.jpg in Resources */,
				B838B4871BBB16570023AD3E /* abs20.jpg in Resources */,
				B838B46C1BBAFF350023AD3E /* abs11_small.jpg in Resources */,
				B818368B1BB8135900730371 /* yahoo.png in Resources */,
				B86D9A611BAB1963000808C5 /* abs7.jpg in Resources */,
				B81A0DF51BAC295800A93125 /* home.html in Resources */,
				B833F9341BAF08BE001C8AAF /* abs14.jpg in Resources */,
				B838B46E1BBAFF350023AD3E /* abs13_small.jpg in Resources */,
				B81836891BB8135900730371 /* twitter.png in Resources */,
				B8ECA7F11BA5AF3500A95D36 /* LaunchScreen.storyboard in Resources */,
				B86D9A5E1BAB1963000808C5 /* abs4.jpg in Resources */,
				B833F9301BAF0818001C8AAF /* abs11.jpg in Resources */,
				B838B4681BBAFF350023AD3E /* abs7_small.jpg in Resources */,
				B838B46F1BBAFF350023AD3E /* abs14_small.jpg in Resources */,
				B86D9A5F1BAB1963000808C5 /* abs5.jpg in Resources */,
				B838B4671BBAFF350023AD3E /* abs6_small.jpg in Resources */,
				B838B4861BBB16570023AD3E /* abs20_small.jpg in Resources */,
				B86D9A561BAAF3DD000808C5 /* abs2.jpg in Resources */,
				B838B4621BBAFF350023AD3E /* abs1_small.jpg in Resources */,
				B838B46B1BBAFF350023AD3E /* abs10_small.jpg in Resources */,
				B838B4831BBB16570023AD3E /* abs18.jpg in Resources */,
				B838B4811BBB16570023AD3E /* abs17.jpg in Resources */,
				B818368A1BB8135900730371 /* wikipedia.png in Resources */,
				B86D527B1BC67EC10075E1A4 /* web.js in Resources */,
				B833F9311BAF0818001C8AAF /* abs12.jpg in Resources */,
				B838B47E1BBB16570023AD3E /* abs16_small.jpg in Resources */,
				B8ECA7EE1BA5AF3500A95D36 /* Assets.xcassets in Resources */,
				B838B4631BBAFF350023AD3E /* abs2_small.jpg in Resources */,
				B838B47C1BBB16570023AD3E /* abs15_small.jpg in Resources */,
				B838B46D1BBAFF350023AD3E /* abs12_small.jpg in Resources */,
				B82C06C51BBD5167006238E0 /* Info.plist in Resources */,
				B818368C1BB8135900730371 /* youtube.png in Resources */,
				B838B47D1BBB16570023AD3E /* abs15.jpg in Resources */,
				B8ECA7E91BA5AF3500A95D36 /* Main.storyboard in Resources */,
				B833F9321BAF0818001C8AAF /* abs13.jpg in Resources */,
				B838B4801BBB16570023AD3E /* abs17_small.jpg in Resources */,
			);
			runOnlyForDeploymentPostprocessing = 0;
		};
		B8ECA7F51BA5AF3500A95D36 /* Resources */ = {
			isa = PBXResourcesBuildPhase;
			buildActionMask = 2147483647;
			files = (
			);
			runOnlyForDeploymentPostprocessing = 0;
		};
		B8ECA8001BA5AF3500A95D36 /* Resources */ = {
			isa = PBXResourcesBuildPhase;
			buildActionMask = 2147483647;
			files = (
			);
			runOnlyForDeploymentPostprocessing = 0;
		};
/* End PBXResourcesBuildPhase section */

/* Begin PBXSourcesBuildPhase section */
		B8ECA7DC1BA5AF3500A95D36 /* Sources */ = {
			isa = PBXSourcesBuildPhase;
			buildActionMask = 2147483647;
			files = (
				B833F9361BAF1888001C8AAF /* SFHomeSwitcher.swift in Sources */,
				B83BF5AD1BBC23C90060C9C4 /* SWCellScrollView.m in Sources */,
				B82C06C41BBD5167006238E0 /* EdgeInsets.swift in Sources */,
				B81A0DF71BAC4DBB00A93125 /* SFHomeVC.swift in Sources */,
				B807A0971BA6AA10000A9ED4 /* Extensions.swift in Sources */,
				B82C06C21BBD5167006238E0 /* ConstraintRelation.swift in Sources */,
				B807A0981BA6AA10000A9ED4 /* SFClock.swift in Sources */,
				B833F92C1BAEBE35001C8AAF /* HistoryHit.swift in Sources */,
				B8125D8C1BA9AA9900F3A1BE /* SFTabContents.swift in Sources */,
				B838B48D1BBB201F0023AD3E /* ALRadialMenuButton.swift in Sources */,
				B82DA1D31BA740E600C89740 /* SFScrollView.swift in Sources */,
				B83BF5AF1BBC23C90060C9C4 /* SWTableViewCell.m in Sources */,
				B81A0E061BAC536E00A93125 /* LXReorderableCollectionViewFlowLayout.m in Sources */,
				B8ECA7E61BA5AF3500A95D36 /* ViewController.swift in Sources */,
				B833F9131BAEA032001C8AAF /* StarflyV2.xcdatamodeld in Sources */,
				B83BF5B31BBC573D0060C9C4 /* SFSettings.swift in Sources */,
				B83BF5B11BBC23C90060C9C4 /* SWUtilityButtonView.m in Sources */,
				B807A09A1BA6AA10000A9ED4 /* SFView.swift in Sources */,
				B81A0E011BAC52C700A93125 /* SFHomeCollectionVC.swift in Sources */,
				B82DA1911BA736FD00C89740 /* SFTabs.swift in Sources */,
				B807A0991BA6AA10000A9ED4 /* SFUrlBar.swift in Sources */,
				B8125D8A1BA9A79300F3A1BE /* SFWebVC.swift in Sources */,
				B848D02F1BC05C0F0063242C /* SFSearchTable.swift in Sources */,
				B838B48C1BBB201F0023AD3E /* ALRadialMenu.swift in Sources */,
				B81836751BB8121A00730371 /* ew.m in Sources */,
				B833F92A1BAEBE35001C8AAF /* Bookmarks.swift in Sources */,
				B82C06C11BBD5167006238E0 /* ConstraintMaker.swift in Sources */,
				B83BF5AC1BBC23C90060C9C4 /* NSMutableArray+SWUtilityButtons.m in Sources */,
				B82C06C31BBD5167006238E0 /* Debugging.swift in Sources */,
				B82C06BE1BBD5167006238E0 /* ConstraintAttributes.swift in Sources */,
				B82C06C81BBD5167006238E0 /* View+SnapKit.swift in Sources */,
				B83BF5B01BBC23C90060C9C4 /* SWUtilityButtonTapGestureRecognizer.m in Sources */,
				B82C06C71BBD5167006238E0 /* SnapKit.swift in Sources */,
				B848D02D1BC04C030063242C /* SCheckBox.swift in Sources */,
				B8ECA7E41BA5AF3500A95D36 /* AppDelegate.swift in Sources */,
				B86D527E1BC6AF2F0075E1A4 /* RegExCategories.m in Sources */,
				B82C06C01BBD5167006238E0 /* ConstraintItem.swift in Sources */,
				B82DA1931BA7372900C89740 /* SFTab.swift in Sources */,
				B82C06C91BBD5167006238E0 /* ViewController+SnapKit.swift in Sources */,
				B81A0E031BAC530100A93125 /* SFCells.swift in Sources */,
				B833F92B1BAEBE35001C8AAF /* HomeHit.swift in Sources */,
				B807A0961BA6AA10000A9ED4 /* Constants.swift in Sources */,
				B82FF4921BB95D4900CEFD19 /* SFButton.swift in Sources */,
				B81836701BB80C8700730371 /* BooksHomeChecker.swift in Sources */,
				B848D0311BC05F9C0063242C /* AEXML.swift in Sources */,
				B82C06CB1BBD8D21006238E0 /* SFBookmarksTable.swift in Sources */,
				B82C06C61BBD5167006238E0 /* LayoutConstraint.swift in Sources */,
				B838B4891BBB18900023AD3E /* SFImagePicker.swift in Sources */,
				B83BF5AE1BBC23C90060C9C4 /* SWLongPressGestureRecognizer.m in Sources */,
				B833F93A1BAF47A7001C8AAF /* SFBookmarks.swift in Sources */,
				B81836721BB8115700730371 /* CoreDataSave.swift in Sources */,
				B82C06BD1BBD5167006238E0 /* Constraint.swift in Sources */,
				B833F9381BAF359B001C8AAF /* SFHistory.swift in Sources */,
				B83A19E81BBEB84E00CD68CA /* SFShare.swift in Sources */,
				B82C06BF1BBD5167006238E0 /* ConstraintDescription.swift in Sources */,
			);
			runOnlyForDeploymentPostprocessing = 0;
		};
		B8ECA7F31BA5AF3500A95D36 /* Sources */ = {
			isa = PBXSourcesBuildPhase;
			buildActionMask = 2147483647;
			files = (
				B8ECA7FC1BA5AF3500A95D36 /* StarflyTests.swift in Sources */,
			);
			runOnlyForDeploymentPostprocessing = 0;
		};
		B8ECA7FE1BA5AF3500A95D36 /* Sources */ = {
			isa = PBXSourcesBuildPhase;
			buildActionMask = 2147483647;
			files = (
				B8ECA8071BA5AF3500A95D36 /* StarflyUITests.swift in Sources */,
			);
			runOnlyForDeploymentPostprocessing = 0;
		};
/* End PBXSourcesBuildPhase section */

/* Begin PBXTargetDependency section */
		B8ECA7F91BA5AF3500A95D36 /* PBXTargetDependency */ = {
			isa = PBXTargetDependency;
			target = B8ECA7DF1BA5AF3500A95D36 /* Starfly */;
			targetProxy = B8ECA7F81BA5AF3500A95D36 /* PBXContainerItemProxy */;
		};
		B8ECA8041BA5AF3500A95D36 /* PBXTargetDependency */ = {
			isa = PBXTargetDependency;
			target = B8ECA7DF1BA5AF3500A95D36 /* Starfly */;
			targetProxy = B8ECA8031BA5AF3500A95D36 /* PBXContainerItemProxy */;
		};
/* End PBXTargetDependency section */

/* Begin PBXVariantGroup section */
		B8ECA7E71BA5AF3500A95D36 /* Main.storyboard */ = {
			isa = PBXVariantGroup;
			children = (
				B8ECA7E81BA5AF3500A95D36 /* Base */,
			);
			name = Main.storyboard;
			sourceTree = "<group>";
		};
		B8ECA7EF1BA5AF3500A95D36 /* LaunchScreen.storyboard */ = {
			isa = PBXVariantGroup;
			children = (
				B8ECA7F01BA5AF3500A95D36 /* Base */,
			);
			name = LaunchScreen.storyboard;
			sourceTree = "<group>";
		};
/* End PBXVariantGroup section */

/* Begin XCBuildConfiguration section */
		B8ECA8091BA5AF3500A95D36 /* Debug */ = {
			isa = XCBuildConfiguration;
			buildSettings = {
				ALWAYS_SEARCH_USER_PATHS = NO;
				CLANG_CXX_LANGUAGE_STANDARD = "gnu++0x";
				CLANG_CXX_LIBRARY = "libc++";
				CLANG_ENABLE_MODULES = YES;
				CLANG_ENABLE_OBJC_ARC = YES;
				CLANG_WARN_BOOL_CONVERSION = YES;
				CLANG_WARN_CONSTANT_CONVERSION = YES;
				CLANG_WARN_DIRECT_OBJC_ISA_USAGE = YES_ERROR;
				CLANG_WARN_EMPTY_BODY = YES;
				CLANG_WARN_ENUM_CONVERSION = YES;
				CLANG_WARN_INT_CONVERSION = YES;
				CLANG_WARN_OBJC_ROOT_CLASS = YES_ERROR;
				CLANG_WARN_UNREACHABLE_CODE = YES;
				CLANG_WARN__DUPLICATE_METHOD_MATCH = YES;
				"CODE_SIGN_IDENTITY[sdk=iphoneos*]" = "iPhone Developer";
				COPY_PHASE_STRIP = NO;
				DEBUG_INFORMATION_FORMAT = dwarf;
				ENABLE_STRICT_OBJC_MSGSEND = YES;
				ENABLE_TESTABILITY = YES;
				GCC_C_LANGUAGE_STANDARD = gnu99;
				GCC_DYNAMIC_NO_PIC = NO;
				GCC_NO_COMMON_BLOCKS = YES;
				GCC_OPTIMIZATION_LEVEL = 0;
				GCC_PREPROCESSOR_DEFINITIONS = (
					"DEBUG=1",
					"$(inherited)",
				);
				GCC_WARN_64_TO_32_BIT_CONVERSION = YES;
				GCC_WARN_ABOUT_RETURN_TYPE = YES_ERROR;
				GCC_WARN_UNDECLARED_SELECTOR = YES;
				GCC_WARN_UNINITIALIZED_AUTOS = YES_AGGRESSIVE;
				GCC_WARN_UNUSED_FUNCTION = YES;
				GCC_WARN_UNUSED_VARIABLE = YES;
				IPHONEOS_DEPLOYMENT_TARGET = 9.0;
				MTL_ENABLE_DEBUG_INFO = YES;
				ONLY_ACTIVE_ARCH = YES;
				SDKROOT = iphoneos;
				SWIFT_OPTIMIZATION_LEVEL = "-Onone";
				TARGETED_DEVICE_FAMILY = 2;
			};
			name = Debug;
		};
		B8ECA80A1BA5AF3500A95D36 /* Release */ = {
			isa = XCBuildConfiguration;
			buildSettings = {
				ALWAYS_SEARCH_USER_PATHS = NO;
				CLANG_CXX_LANGUAGE_STANDARD = "gnu++0x";
				CLANG_CXX_LIBRARY = "libc++";
				CLANG_ENABLE_MODULES = YES;
				CLANG_ENABLE_OBJC_ARC = YES;
				CLANG_WARN_BOOL_CONVERSION = YES;
				CLANG_WARN_CONSTANT_CONVERSION = YES;
				CLANG_WARN_DIRECT_OBJC_ISA_USAGE = YES_ERROR;
				CLANG_WARN_EMPTY_BODY = YES;
				CLANG_WARN_ENUM_CONVERSION = YES;
				CLANG_WARN_INT_CONVERSION = YES;
				CLANG_WARN_OBJC_ROOT_CLASS = YES_ERROR;
				CLANG_WARN_UNREACHABLE_CODE = YES;
				CLANG_WARN__DUPLICATE_METHOD_MATCH = YES;
				"CODE_SIGN_IDENTITY[sdk=iphoneos*]" = "iPhone Developer";
				COPY_PHASE_STRIP = NO;
				DEBUG_INFORMATION_FORMAT = "dwarf-with-dsym";
				ENABLE_NS_ASSERTIONS = NO;
				ENABLE_STRICT_OBJC_MSGSEND = YES;
				GCC_C_LANGUAGE_STANDARD = gnu99;
				GCC_NO_COMMON_BLOCKS = YES;
				GCC_WARN_64_TO_32_BIT_CONVERSION = YES;
				GCC_WARN_ABOUT_RETURN_TYPE = YES_ERROR;
				GCC_WARN_UNDECLARED_SELECTOR = YES;
				GCC_WARN_UNINITIALIZED_AUTOS = YES_AGGRESSIVE;
				GCC_WARN_UNUSED_FUNCTION = YES;
				GCC_WARN_UNUSED_VARIABLE = YES;
				IPHONEOS_DEPLOYMENT_TARGET = 9.0;
				MTL_ENABLE_DEBUG_INFO = NO;
				SDKROOT = iphoneos;
				TARGETED_DEVICE_FAMILY = 2;
				VALIDATE_PRODUCT = YES;
			};
			name = Release;
		};
		B8ECA80C1BA5AF3500A95D36 /* Debug */ = {
			isa = XCBuildConfiguration;
			buildSettings = {
				ASSETCATALOG_COMPILER_APPICON_NAME = AppIcon;
				CLANG_ENABLE_MODULES = YES;
				INFOPLIST_FILE = Starfly/Info.plist;
				LD_RUNPATH_SEARCH_PATHS = "$(inherited) @executable_path/Frameworks";
				PRODUCT_BUNDLE_IDENTIFIER = com.starfly.StarflyV2;
				PRODUCT_NAME = "$(TARGET_NAME)";
				SWIFT_OBJC_BRIDGING_HEADER = "/Users/NealCeffrey/Desktop/Development/Starfly/Starfly-Bridging-Header.h";
				SWIFT_OPTIMIZATION_LEVEL = "-Onone";
				TARGETED_DEVICE_FAMILY = 2;
			};
			name = Debug;
		};
		B8ECA80D1BA5AF3500A95D36 /* Release */ = {
			isa = XCBuildConfiguration;
			buildSettings = {
				ASSETCATALOG_COMPILER_APPICON_NAME = AppIcon;
				CLANG_ENABLE_MODULES = YES;
				INFOPLIST_FILE = Starfly/Info.plist;
				LD_RUNPATH_SEARCH_PATHS = "$(inherited) @executable_path/Frameworks";
				PRODUCT_BUNDLE_IDENTIFIER = com.starfly.StarflyV2;
				PRODUCT_NAME = "$(TARGET_NAME)";
				SWIFT_OBJC_BRIDGING_HEADER = "/Users/NealCeffrey/Desktop/Development/Starfly/Starfly-Bridging-Header.h";
				TARGETED_DEVICE_FAMILY = 2;
			};
			name = Release;
		};
		B8ECA80F1BA5AF3500A95D36 /* Debug */ = {
			isa = XCBuildConfiguration;
			buildSettings = {
				BUNDLE_LOADER = "$(TEST_HOST)";
				INFOPLIST_FILE = StarflyTests/Info.plist;
				LD_RUNPATH_SEARCH_PATHS = "$(inherited) @executable_path/Frameworks @loader_path/Frameworks";
				PRODUCT_BUNDLE_IDENTIFIER = com.nealceffrey.StarflyTests;
				PRODUCT_NAME = "$(TARGET_NAME)";
				TEST_HOST = "$(BUILT_PRODUCTS_DIR)/Starfly.app/Starfly";
			};
			name = Debug;
		};
		B8ECA8101BA5AF3500A95D36 /* Release */ = {
			isa = XCBuildConfiguration;
			buildSettings = {
				BUNDLE_LOADER = "$(TEST_HOST)";
				INFOPLIST_FILE = StarflyTests/Info.plist;
				LD_RUNPATH_SEARCH_PATHS = "$(inherited) @executable_path/Frameworks @loader_path/Frameworks";
				PRODUCT_BUNDLE_IDENTIFIER = com.nealceffrey.StarflyTests;
				PRODUCT_NAME = "$(TARGET_NAME)";
				TEST_HOST = "$(BUILT_PRODUCTS_DIR)/Starfly.app/Starfly";
			};
			name = Release;
		};
		B8ECA8121BA5AF3500A95D36 /* Debug */ = {
			isa = XCBuildConfiguration;
			buildSettings = {
				INFOPLIST_FILE = StarflyUITests/Info.plist;
				LD_RUNPATH_SEARCH_PATHS = "$(inherited) @executable_path/Frameworks @loader_path/Frameworks";
				PRODUCT_BUNDLE_IDENTIFIER = com.nealceffrey.StarflyUITests;
				PRODUCT_NAME = "$(TARGET_NAME)";
				TEST_TARGET_NAME = Starfly;
				USES_XCTRUNNER = YES;
			};
			name = Debug;
		};
		B8ECA8131BA5AF3500A95D36 /* Release */ = {
			isa = XCBuildConfiguration;
			buildSettings = {
				INFOPLIST_FILE = StarflyUITests/Info.plist;
				LD_RUNPATH_SEARCH_PATHS = "$(inherited) @executable_path/Frameworks @loader_path/Frameworks";
				PRODUCT_BUNDLE_IDENTIFIER = com.nealceffrey.StarflyUITests;
				PRODUCT_NAME = "$(TARGET_NAME)";
				TEST_TARGET_NAME = Starfly;
				USES_XCTRUNNER = YES;
			};
			name = Release;
		};
/* End XCBuildConfiguration section */

/* Begin XCConfigurationList section */
		B8ECA7DB1BA5AF3500A95D36 /* Build configuration list for PBXProject "Starfly" */ = {
			isa = XCConfigurationList;
			buildConfigurations = (
				B8ECA8091BA5AF3500A95D36 /* Debug */,
				B8ECA80A1BA5AF3500A95D36 /* Release */,
			);
			defaultConfigurationIsVisible = 0;
			defaultConfigurationName = Release;
		};
		B8ECA80B1BA5AF3500A95D36 /* Build configuration list for PBXNativeTarget "Starfly" */ = {
			isa = XCConfigurationList;
			buildConfigurations = (
				B8ECA80C1BA5AF3500A95D36 /* Debug */,
				B8ECA80D1BA5AF3500A95D36 /* Release */,
			);
			defaultConfigurationIsVisible = 0;
			defaultConfigurationName = Release;
		};
		B8ECA80E1BA5AF3500A95D36 /* Build configuration list for PBXNativeTarget "StarflyTests" */ = {
			isa = XCConfigurationList;
			buildConfigurations = (
				B8ECA80F1BA5AF3500A95D36 /* Debug */,
				B8ECA8101BA5AF3500A95D36 /* Release */,
			);
			defaultConfigurationIsVisible = 0;
			defaultConfigurationName = Release;
		};
		B8ECA8111BA5AF3500A95D36 /* Build configuration list for PBXNativeTarget "StarflyUITests" */ = {
			isa = XCConfigurationList;
			buildConfigurations = (
				B8ECA8121BA5AF3500A95D36 /* Debug */,
				B8ECA8131BA5AF3500A95D36 /* Release */,
			);
			defaultConfigurationIsVisible = 0;
			defaultConfigurationName = Release;
		};
/* End XCConfigurationList section */

/* Begin XCVersionGroup section */
		B833F9111BAEA032001C8AAF /* StarflyV2.xcdatamodeld */ = {
			isa = XCVersionGroup;
			children = (
				B818366E1BB80BE400730371 /* StarflyV2_ 3.xcdatamodel */,
				B833F9141BAEA20C001C8AAF /* StarflyV2_2.xcdatamodel */,
				B833F9121BAEA032001C8AAF /* StarflyV2.xcdatamodel */,
			);
			currentVersion = B818366E1BB80BE400730371 /* StarflyV2_ 3.xcdatamodel */;
			path = StarflyV2.xcdatamodeld;
			sourceTree = "<group>";
			versionGroupType = wrapper.xcdatamodel;
		};
/* End XCVersionGroup section */
	};
	rootObject = B8ECA7D81BA5AF3500A95D36 /* Project object */;
}
