// !$*UTF8*$!
{
	archiveVersion = 1;
	classes = {
	};
	objectVersion = 46;
	objects = {

/* Begin PBXBuildFile section */
		B807A0961BA6AA10000A9ED4 /* Constants.swift in Sources */ = {isa = PBXBuildFile; fileRef = B807A0911BA6AA10000A9ED4 /* Constants.swift */; };
		B807A0971BA6AA10000A9ED4 /* Extensions.swift in Sources */ = {isa = PBXBuildFile; fileRef = B807A0921BA6AA10000A9ED4 /* Extensions.swift */; };
		B807A0981BA6AA10000A9ED4 /* SFClock.swift in Sources */ = {isa = PBXBuildFile; fileRef = B807A0931BA6AA10000A9ED4 /* SFClock.swift */; };
		B807A0991BA6AA10000A9ED4 /* SFUrlBar.swift in Sources */ = {isa = PBXBuildFile; fileRef = B807A0941BA6AA10000A9ED4 /* SFUrlBar.swift */; };
		B807A09A1BA6AA10000A9ED4 /* SFView.swift in Sources */ = {isa = PBXBuildFile; fileRef = B807A0951BA6AA10000A9ED4 /* SFView.swift */; };
		B8125D8A1BA9A79300F3A1BE /* SFWebVC.swift in Sources */ = {isa = PBXBuildFile; fileRef = B8125D891BA9A79300F3A1BE /* SFWebVC.swift */; };
		B8125D8C1BA9AA9900F3A1BE /* SFTabContents.swift in Sources */ = {isa = PBXBuildFile; fileRef = B8125D8B1BA9AA9900F3A1BE /* SFTabContents.swift */; };
		B82DA1911BA736FD00C89740 /* SFTabs.swift in Sources */ = {isa = PBXBuildFile; fileRef = B82DA1901BA736FD00C89740 /* SFTabs.swift */; };
		B82DA1931BA7372900C89740 /* SFTab.swift in Sources */ = {isa = PBXBuildFile; fileRef = B82DA1921BA7372900C89740 /* SFTab.swift */; };
		B82DA1D31BA740E600C89740 /* SFScrollView.swift in Sources */ = {isa = PBXBuildFile; fileRef = B82DA1D21BA740E600C89740 /* SFScrollView.swift */; };
		B8ECA7E41BA5AF3500A95D36 /* AppDelegate.swift in Sources */ = {isa = PBXBuildFile; fileRef = B8ECA7E31BA5AF3500A95D36 /* AppDelegate.swift */; };
		B8ECA7E61BA5AF3500A95D36 /* ViewController.swift in Sources */ = {isa = PBXBuildFile; fileRef = B8ECA7E51BA5AF3500A95D36 /* ViewController.swift */; };
		B8ECA7E91BA5AF3500A95D36 /* Main.storyboard in Resources */ = {isa = PBXBuildFile; fileRef = B8ECA7E71BA5AF3500A95D36 /* Main.storyboard */; };
		B8ECA7EC1BA5AF3500A95D36 /* Starfly.xcdatamodeld in Sources */ = {isa = PBXBuildFile; fileRef = B8ECA7EA1BA5AF3500A95D36 /* Starfly.xcdatamodeld */; };
		B8ECA7EE1BA5AF3500A95D36 /* Assets.xcassets in Resources */ = {isa = PBXBuildFile; fileRef = B8ECA7ED1BA5AF3500A95D36 /* Assets.xcassets */; };
		B8ECA7F11BA5AF3500A95D36 /* LaunchScreen.storyboard in Resources */ = {isa = PBXBuildFile; fileRef = B8ECA7EF1BA5AF3500A95D36 /* LaunchScreen.storyboard */; };
		B8ECA7FC1BA5AF3500A95D36 /* StarflyTests.swift in Sources */ = {isa = PBXBuildFile; fileRef = B8ECA7FB1BA5AF3500A95D36 /* StarflyTests.swift */; };
		B8ECA8071BA5AF3500A95D36 /* StarflyUITests.swift in Sources */ = {isa = PBXBuildFile; fileRef = B8ECA8061BA5AF3500A95D36 /* StarflyUITests.swift */; };
/* End PBXBuildFile section */

/* Begin PBXContainerItemProxy section */
		B8ECA7F81BA5AF3500A95D36 /* PBXContainerItemProxy */ = {
			isa = PBXContainerItemProxy;
			containerPortal = B8ECA7D81BA5AF3500A95D36 /* Project object */;
			proxyType = 1;
			remoteGlobalIDString = B8ECA7DF1BA5AF3500A95D36;
			remoteInfo = Starfly;
		};
		B8ECA8031BA5AF3500A95D36 /* PBXContainerItemProxy */ = {
			isa = PBXContainerItemProxy;
			containerPortal = B8ECA7D81BA5AF3500A95D36 /* Project object */;
			proxyType = 1;
			remoteGlobalIDString = B8ECA7DF1BA5AF3500A95D36;
			remoteInfo = Starfly;
		};
/* End PBXContainerItemProxy section */

/* Begin PBXFileReference section */
		B807A05E1BA6A942000A9ED4 /* Starfly copy-Info.plist */ = {isa = PBXFileReference; lastKnownFileType = text.plist.xml; name = "Starfly copy-Info.plist"; path = "/Users/NealCeffrey/Desktop/Development/Starfly/Starfly copy-Info.plist"; sourceTree = "<absolute>"; };
		B807A0911BA6AA10000A9ED4 /* Constants.swift */ = {isa = PBXFileReference; fileEncoding = 4; lastKnownFileType = sourcecode.swift; path = Constants.swift; sourceTree = "<group>"; };
		B807A0921BA6AA10000A9ED4 /* Extensions.swift */ = {isa = PBXFileReference; fileEncoding = 4; lastKnownFileType = sourcecode.swift; path = Extensions.swift; sourceTree = "<group>"; };
		B807A0931BA6AA10000A9ED4 /* SFClock.swift */ = {isa = PBXFileReference; fileEncoding = 4; lastKnownFileType = sourcecode.swift; path = SFClock.swift; sourceTree = "<group>"; };
		B807A0941BA6AA10000A9ED4 /* SFUrlBar.swift */ = {isa = PBXFileReference; fileEncoding = 4; lastKnownFileType = sourcecode.swift; path = SFUrlBar.swift; sourceTree = "<group>"; };
		B807A0951BA6AA10000A9ED4 /* SFView.swift */ = {isa = PBXFileReference; fileEncoding = 4; lastKnownFileType = sourcecode.swift; path = SFView.swift; sourceTree = "<group>"; };
		B8125D891BA9A79300F3A1BE /* SFWebVC.swift */ = {isa = PBXFileReference; fileEncoding = 4; lastKnownFileType = sourcecode.swift; path = SFWebVC.swift; sourceTree = "<group>"; };
		B8125D8B1BA9AA9900F3A1BE /* SFTabContents.swift */ = {isa = PBXFileReference; fileEncoding = 4; lastKnownFileType = sourcecode.swift; path = SFTabContents.swift; sourceTree = "<group>"; };
		B82DA1901BA736FD00C89740 /* SFTabs.swift */ = {isa = PBXFileReference; fileEncoding = 4; lastKnownFileType = sourcecode.swift; path = SFTabs.swift; sourceTree = "<group>"; };
		B82DA1921BA7372900C89740 /* SFTab.swift */ = {isa = PBXFileReference; fileEncoding = 4; lastKnownFileType = sourcecode.swift; path = SFTab.swift; sourceTree = "<group>"; };
		B82DA1D21BA740E600C89740 /* SFScrollView.swift */ = {isa = PBXFileReference; fileEncoding = 4; lastKnownFileType = sourcecode.swift; path = SFScrollView.swift; sourceTree = "<group>"; };
		B8ECA7E01BA5AF3500A95D36 /* Starfly.app */ = {isa = PBXFileReference; explicitFileType = wrapper.application; includeInIndex = 0; path = Starfly.app; sourceTree = BUILT_PRODUCTS_DIR; };
		B8ECA7E31BA5AF3500A95D36 /* AppDelegate.swift */ = {isa = PBXFileReference; lastKnownFileType = sourcecode.swift; path = AppDelegate.swift; sourceTree = "<group>"; };
		B8ECA7E51BA5AF3500A95D36 /* ViewController.swift */ = {isa = PBXFileReference; lastKnownFileType = sourcecode.swift; path = ViewController.swift; sourceTree = "<group>"; };
		B8ECA7E81BA5AF3500A95D36 /* Base */ = {isa = PBXFileReference; lastKnownFileType = file.storyboard; name = Base; path = Base.lproj/Main.storyboard; sourceTree = "<group>"; };
		B8ECA7EB1BA5AF3500A95D36 /* Starfly.xcdatamodel */ = {isa = PBXFileReference; lastKnownFileType = wrapper.xcdatamodel; path = Starfly.xcdatamodel; sourceTree = "<group>"; };
		B8ECA7ED1BA5AF3500A95D36 /* Assets.xcassets */ = {isa = PBXFileReference; lastKnownFileType = folder.assetcatalog; path = Assets.xcassets; sourceTree = "<group>"; };
		B8ECA7F01BA5AF3500A95D36 /* Base */ = {isa = PBXFileReference; lastKnownFileType = file.storyboard; name = Base; path = Base.lproj/LaunchScreen.storyboard; sourceTree = "<group>"; };
		B8ECA7F21BA5AF3500A95D36 /* Info.plist */ = {isa = PBXFileReference; lastKnownFileType = text.plist.xml; path = Info.plist; sourceTree = "<group>"; };
		B8ECA7F71BA5AF3500A95D36 /* StarflyTests.xctest */ = {isa = PBXFileReference; explicitFileType = wrapper.cfbundle; includeInIndex = 0; path = StarflyTests.xctest; sourceTree = BUILT_PRODUCTS_DIR; };
		B8ECA7FB1BA5AF3500A95D36 /* StarflyTests.swift */ = {isa = PBXFileReference; lastKnownFileType = sourcecode.swift; path = StarflyTests.swift; sourceTree = "<group>"; };
		B8ECA7FD1BA5AF3500A95D36 /* Info.plist */ = {isa = PBXFileReference; lastKnownFileType = text.plist.xml; path = Info.plist; sourceTree = "<group>"; };
		B8ECA8021BA5AF3500A95D36 /* StarflyUITests.xctest */ = {isa = PBXFileReference; explicitFileType = wrapper.cfbundle; includeInIndex = 0; path = StarflyUITests.xctest; sourceTree = BUILT_PRODUCTS_DIR; };
		B8ECA8061BA5AF3500A95D36 /* StarflyUITests.swift */ = {isa = PBXFileReference; lastKnownFileType = sourcecode.swift; path = StarflyUITests.swift; sourceTree = "<group>"; };
		B8ECA8081BA5AF3500A95D36 /* Info.plist */ = {isa = PBXFileReference; lastKnownFileType = text.plist.xml; path = Info.plist; sourceTree = "<group>"; };
/* End PBXFileReference section */

/* Begin PBXFrameworksBuildPhase section */
		B8ECA7DD1BA5AF3500A95D36 /* Frameworks */ = {
			isa = PBXFrameworksBuildPhase;
			buildActionMask = 2147483647;
			files = (
			);
			runOnlyForDeploymentPostprocessing = 0;
		};
		B8ECA7F41BA5AF3500A95D36 /* Frameworks */ = {
			isa = PBXFrameworksBuildPhase;
			buildActionMask = 2147483647;
			files = (
			);
			runOnlyForDeploymentPostprocessing = 0;
		};
		B8ECA7FF1BA5AF3500A95D36 /* Frameworks */ = {
			isa = PBXFrameworksBuildPhase;
			buildActionMask = 2147483647;
			files = (
			);
			runOnlyForDeploymentPostprocessing = 0;
		};
/* End PBXFrameworksBuildPhase section */

/* Begin PBXGroup section */
		B8ECA7D71BA5AF3400A95D36 = {
			isa = PBXGroup;
			children = (
				B8ECA7E21BA5AF3500A95D36 /* Starfly */,
				B8ECA7FA1BA5AF3500A95D36 /* StarflyTests */,
				B8ECA8051BA5AF3500A95D36 /* StarflyUITests */,
				B8ECA7E11BA5AF3500A95D36 /* Products */,
				B807A05E1BA6A942000A9ED4 /* Starfly copy-Info.plist */,
			);
			sourceTree = "<group>";
		};
		B8ECA7E11BA5AF3500A95D36 /* Products */ = {
			isa = PBXGroup;
			children = (
				B8ECA7E01BA5AF3500A95D36 /* Starfly.app */,
				B8ECA7F71BA5AF3500A95D36 /* StarflyTests.xctest */,
				B8ECA8021BA5AF3500A95D36 /* StarflyUITests.xctest */,
			);
			name = Products;
			sourceTree = "<group>";
		};
		B8ECA7E21BA5AF3500A95D36 /* Starfly */ = {
			isa = PBXGroup;
			children = (
				B8ECA7E31BA5AF3500A95D36 /* AppDelegate.swift */,
				B8ECA7E51BA5AF3500A95D36 /* ViewController.swift */,
				B807A0911BA6AA10000A9ED4 /* Constants.swift */,
				B807A0921BA6AA10000A9ED4 /* Extensions.swift */,
				B807A0931BA6AA10000A9ED4 /* SFClock.swift */,
				B807A0941BA6AA10000A9ED4 /* SFUrlBar.swift */,
				B807A0951BA6AA10000A9ED4 /* SFView.swift */,
				B82DA1901BA736FD00C89740 /* SFTabs.swift */,
				B82DA1921BA7372900C89740 /* SFTab.swift */,
				B82DA1D21BA740E600C89740 /* SFScrollView.swift */,
				B8ECA7E71BA5AF3500A95D36 /* Main.storyboard */,
				B8ECA7ED1BA5AF3500A95D36 /* Assets.xcassets */,
				B8ECA7EF1BA5AF3500A95D36 /* LaunchScreen.storyboard */,
				B8ECA7F21BA5AF3500A95D36 /* Info.plist */,
				B8ECA7EA1BA5AF3500A95D36 /* Starfly.xcdatamodeld */,
				B8125D891BA9A79300F3A1BE /* SFWebVC.swift */,
				B8125D8B1BA9AA9900F3A1BE /* SFTabContents.swift */,
			);
			path = Starfly;
			sourceTree = "<group>";
		};
		B8ECA7FA1BA5AF3500A95D36 /* StarflyTests */ = {
			isa = PBXGroup;
			children = (
				B8ECA7FB1BA5AF3500A95D36 /* StarflyTests.swift */,
				B8ECA7FD1BA5AF3500A95D36 /* Info.plist */,
			);
			path = StarflyTests;
			sourceTree = "<group>";
		};
		B8ECA8051BA5AF3500A95D36 /* StarflyUITests */ = {
			isa = PBXGroup;
			children = (
				B8ECA8061BA5AF3500A95D36 /* StarflyUITests.swift */,
				B8ECA8081BA5AF3500A95D36 /* Info.plist */,
			);
			path = StarflyUITests;
			sourceTree = "<group>";
		};
/* End PBXGroup section */

/* Begin PBXNativeTarget section */
		B8ECA7DF1BA5AF3500A95D36 /* Starfly */ = {
			isa = PBXNativeTarget;
			buildConfigurationList = B8ECA80B1BA5AF3500A95D36 /* Build configuration list for PBXNativeTarget "Starfly" */;
			buildPhases = (
				B8ECA7DC1BA5AF3500A95D36 /* Sources */,
				B8ECA7DD1BA5AF3500A95D36 /* Frameworks */,
				B8ECA7DE1BA5AF3500A95D36 /* Resources */,
			);
			buildRules = (
			);
			dependencies = (
			);
			name = Starfly;
			productName = Starfly;
			productReference = B8ECA7E01BA5AF3500A95D36 /* Starfly.app */;
			productType = "com.apple.product-type.application";
		};
		B8ECA7F61BA5AF3500A95D36 /* StarflyTests */ = {
			isa = PBXNativeTarget;
			buildConfigurationList = B8ECA80E1BA5AF3500A95D36 /* Build configuration list for PBXNativeTarget "StarflyTests" */;
			buildPhases = (
				B8ECA7F31BA5AF3500A95D36 /* Sources */,
				B8ECA7F41BA5AF3500A95D36 /* Frameworks */,
				B8ECA7F51BA5AF3500A95D36 /* Resources */,
			);
			buildRules = (
			);
			dependencies = (
				B8ECA7F91BA5AF3500A95D36 /* PBXTargetDependency */,
			);
			name = StarflyTests;
			productName = StarflyTests;
			productReference = B8ECA7F71BA5AF3500A95D36 /* StarflyTests.xctest */;
			productType = "com.apple.product-type.bundle.unit-test";
		};
		B8ECA8011BA5AF3500A95D36 /* StarflyUITests */ = {
			isa = PBXNativeTarget;
			buildConfigurationList = B8ECA8111BA5AF3500A95D36 /* Build configuration list for PBXNativeTarget "StarflyUITests" */;
			buildPhases = (
				B8ECA7FE1BA5AF3500A95D36 /* Sources */,
				B8ECA7FF1BA5AF3500A95D36 /* Frameworks */,
				B8ECA8001BA5AF3500A95D36 /* Resources */,
			);
			buildRules = (
			);
			dependencies = (
				B8ECA8041BA5AF3500A95D36 /* PBXTargetDependency */,
			);
			name = StarflyUITests;
			productName = StarflyUITests;
			productReference = B8ECA8021BA5AF3500A95D36 /* StarflyUITests.xctest */;
			productType = "com.apple.product-type.bundle.ui-testing";
		};
/* End PBXNativeTarget section */

/* Begin PBXProject section */
		B8ECA7D81BA5AF3500A95D36 /* Project object */ = {
			isa = PBXProject;
			attributes = {
				LastSwiftMigration = 0710;
				LastSwiftUpdateCheck = 0710;
				LastUpgradeCheck = 0700;
				ORGANIZATIONNAME = Starfly;
				TargetAttributes = {
					B8ECA7DF1BA5AF3500A95D36 = {
						CreatedOnToolsVersion = 7.0;
					};
					B8ECA7F61BA5AF3500A95D36 = {
						CreatedOnToolsVersion = 7.0;
						TestTargetID = B8ECA7DF1BA5AF3500A95D36;
					};
					B8ECA8011BA5AF3500A95D36 = {
						CreatedOnToolsVersion = 7.0;
						TestTargetID = B8ECA7DF1BA5AF3500A95D36;
					};
				};
			};
			buildConfigurationList = B8ECA7DB1BA5AF3500A95D36 /* Build configuration list for PBXProject "Starfly" */;
			compatibilityVersion = "Xcode 3.2";
			developmentRegion = English;
			hasScannedForEncodings = 0;
			knownRegions = (
				en,
				Base,
			);
			mainGroup = B8ECA7D71BA5AF3400A95D36;
			productRefGroup = B8ECA7E11BA5AF3500A95D36 /* Products */;
			projectDirPath = "";
			projectRoot = "";
			targets = (
				B8ECA7DF1BA5AF3500A95D36 /* Starfly */,
				B8ECA7F61BA5AF3500A95D36 /* StarflyTests */,
				B8ECA8011BA5AF3500A95D36 /* StarflyUITests */,
			);
		};
/* End PBXProject section */

/* Begin PBXResourcesBuildPhase section */
		B8ECA7DE1BA5AF3500A95D36 /* Resources */ = {
			isa = PBXResourcesBuildPhase;
			buildActionMask = 2147483647;
			files = (
				B8ECA7F11BA5AF3500A95D36 /* LaunchScreen.storyboard in Resources */,
				B8ECA7EE1BA5AF3500A95D36 /* Assets.xcassets in Resources */,
				B8ECA7E91BA5AF3500A95D36 /* Main.storyboard in Resources */,
			);
			runOnlyForDeploymentPostprocessing = 0;
		};
		B8ECA7F51BA5AF3500A95D36 /* Resources */ = {
			isa = PBXResourcesBuildPhase;
			buildActionMask = 2147483647;
			files = (
			);
			runOnlyForDeploymentPostprocessing = 0;
		};
		B8ECA8001BA5AF3500A95D36 /* Resources */ = {
			isa = PBXResourcesBuildPhase;
			buildActionMask = 2147483647;
			files = (
			);
			runOnlyForDeploymentPostprocessing = 0;
		};
/* End PBXResourcesBuildPhase section */

/* Begin PBXSourcesBuildPhase section */
		B8ECA7DC1BA5AF3500A95D36 /* Sources */ = {
			isa = PBXSourcesBuildPhase;
			buildActionMask = 2147483647;
			files = (
				B807A0971BA6AA10000A9ED4 /* Extensions.swift in Sources */,
				B807A0981BA6AA10000A9ED4 /* SFClock.swift in Sources */,
				B8125D8C1BA9AA9900F3A1BE /* SFTabContents.swift in Sources */,
				B82DA1D31BA740E600C89740 /* SFScrollView.swift in Sources */,
				B8ECA7E61BA5AF3500A95D36 /* ViewController.swift in Sources */,
				B807A09A1BA6AA10000A9ED4 /* SFView.swift in Sources */,
				B8ECA7EC1BA5AF3500A95D36 /* Starfly.xcdatamodeld in Sources */,
				B82DA1911BA736FD00C89740 /* SFTabs.swift in Sources */,
				B807A0991BA6AA10000A9ED4 /* SFUrlBar.swift in Sources */,
				B8125D8A1BA9A79300F3A1BE /* SFWebVC.swift in Sources */,
				B8ECA7E41BA5AF3500A95D36 /* AppDelegate.swift in Sources */,
				B82DA1931BA7372900C89740 /* SFTab.swift in Sources */,
				B807A0961BA6AA10000A9ED4 /* Constants.swift in Sources */,
			);
			runOnlyForDeploymentPostprocessing = 0;
		};
		B8ECA7F31BA5AF3500A95D36 /* Sources */ = {
			isa = PBXSourcesBuildPhase;
			buildActionMask = 2147483647;
			files = (
				B8ECA7FC1BA5AF3500A95D36 /* StarflyTests.swift in Sources */,
			);
			runOnlyForDeploymentPostprocessing = 0;
		};
		B8ECA7FE1BA5AF3500A95D36 /* Sources */ = {
			isa = PBXSourcesBuildPhase;
			buildActionMask = 2147483647;
			files = (
				B8ECA8071BA5AF3500A95D36 /* StarflyUITests.swift in Sources */,
			);
			runOnlyForDeploymentPostprocessing = 0;
		};
/* End PBXSourcesBuildPhase section */

/* Begin PBXTargetDependency section */
		B8ECA7F91BA5AF3500A95D36 /* PBXTargetDependency */ = {
			isa = PBXTargetDependency;
			target = B8ECA7DF1BA5AF3500A95D36 /* Starfly */;
			targetProxy = B8ECA7F81BA5AF3500A95D36 /* PBXContainerItemProxy */;
		};
		B8ECA8041BA5AF3500A95D36 /* PBXTargetDependency */ = {
			isa = PBXTargetDependency;
			target = B8ECA7DF1BA5AF3500A95D36 /* Starfly */;
			targetProxy = B8ECA8031BA5AF3500A95D36 /* PBXContainerItemProxy */;
		};
/* End PBXTargetDependency section */

/* Begin PBXVariantGroup section */
		B8ECA7E71BA5AF3500A95D36 /* Main.storyboard */ = {
			isa = PBXVariantGroup;
			children = (
				B8ECA7E81BA5AF3500A95D36 /* Base */,
			);
			name = Main.storyboard;
			sourceTree = "<group>";
		};
		B8ECA7EF1BA5AF3500A95D36 /* LaunchScreen.storyboard */ = {
			isa = PBXVariantGroup;
			children = (
				B8ECA7F01BA5AF3500A95D36 /* Base */,
			);
			name = LaunchScreen.storyboard;
			sourceTree = "<group>";
		};
/* End PBXVariantGroup section */

/* Begin XCBuildConfiguration section */
		B8ECA8091BA5AF3500A95D36 /* Debug */ = {
			isa = XCBuildConfiguration;
			buildSettings = {
				ALWAYS_SEARCH_USER_PATHS = NO;
				CLANG_CXX_LANGUAGE_STANDARD = "gnu++0x";
				CLANG_CXX_LIBRARY = "libc++";
				CLANG_ENABLE_MODULES = YES;
				CLANG_ENABLE_OBJC_ARC = YES;
				CLANG_WARN_BOOL_CONVERSION = YES;
				CLANG_WARN_CONSTANT_CONVERSION = YES;
				CLANG_WARN_DIRECT_OBJC_ISA_USAGE = YES_ERROR;
				CLANG_WARN_EMPTY_BODY = YES;
				CLANG_WARN_ENUM_CONVERSION = YES;
				CLANG_WARN_INT_CONVERSION = YES;
				CLANG_WARN_OBJC_ROOT_CLASS = YES_ERROR;
				CLANG_WARN_UNREACHABLE_CODE = YES;
				CLANG_WARN__DUPLICATE_METHOD_MATCH = YES;
				"CODE_SIGN_IDENTITY[sdk=iphoneos*]" = "iPhone Developer";
				COPY_PHASE_STRIP = NO;
				DEBUG_INFORMATION_FORMAT = dwarf;
				ENABLE_STRICT_OBJC_MSGSEND = YES;
				ENABLE_TESTABILITY = YES;
				GCC_C_LANGUAGE_STANDARD = gnu99;
				GCC_DYNAMIC_NO_PIC = NO;
				GCC_NO_COMMON_BLOCKS = YES;
				GCC_OPTIMIZATION_LEVEL = 0;
				GCC_PREPROCESSOR_DEFINITIONS = (
					"DEBUG=1",
					"$(inherited)",
				);
				GCC_WARN_64_TO_32_BIT_CONVERSION = YES;
				GCC_WARN_ABOUT_RETURN_TYPE = YES_ERROR;
				GCC_WARN_UNDECLARED_SELECTOR = YES;
				GCC_WARN_UNINITIALIZED_AUTOS = YES_AGGRESSIVE;
				GCC_WARN_UNUSED_FUNCTION = YES;
				GCC_WARN_UNUSED_VARIABLE = YES;
				IPHONEOS_DEPLOYMENT_TARGET = 9.0;
				MTL_ENABLE_DEBUG_INFO = YES;
				ONLY_ACTIVE_ARCH = YES;
				SDKROOT = iphoneos;
				SWIFT_OPTIMIZATION_LEVEL = "-Onone";
				TARGETED_DEVICE_FAMILY = 2;
			};
			name = Debug;
		};
		B8ECA80A1BA5AF3500A95D36 /* Release */ = {
			isa = XCBuildConfiguration;
			buildSettings = {
				ALWAYS_SEARCH_USER_PATHS = NO;
				CLANG_CXX_LANGUAGE_STANDARD = "gnu++0x";
				CLANG_CXX_LIBRARY = "libc++";
				CLANG_ENABLE_MODULES = YES;
				CLANG_ENABLE_OBJC_ARC = YES;
				CLANG_WARN_BOOL_CONVERSION = YES;
				CLANG_WARN_CONSTANT_CONVERSION = YES;
				CLANG_WARN_DIRECT_OBJC_ISA_USAGE = YES_ERROR;
				CLANG_WARN_EMPTY_BODY = YES;
				CLANG_WARN_ENUM_CONVERSION = YES;
				CLANG_WARN_INT_CONVERSION = YES;
				CLANG_WARN_OBJC_ROOT_CLASS = YES_ERROR;
				CLANG_WARN_UNREACHABLE_CODE = YES;
				CLANG_WARN__DUPLICATE_METHOD_MATCH = YES;
				"CODE_SIGN_IDENTITY[sdk=iphoneos*]" = "iPhone Developer";
				COPY_PHASE_STRIP = NO;
				DEBUG_INFORMATION_FORMAT = "dwarf-with-dsym";
				ENABLE_NS_ASSERTIONS = NO;
				ENABLE_STRICT_OBJC_MSGSEND = YES;
				GCC_C_LANGUAGE_STANDARD = gnu99;
				GCC_NO_COMMON_BLOCKS = YES;
				GCC_WARN_64_TO_32_BIT_CONVERSION = YES;
				GCC_WARN_ABOUT_RETURN_TYPE = YES_ERROR;
				GCC_WARN_UNDECLARED_SELECTOR = YES;
				GCC_WARN_UNINITIALIZED_AUTOS = YES_AGGRESSIVE;
				GCC_WARN_UNUSED_FUNCTION = YES;
				GCC_WARN_UNUSED_VARIABLE = YES;
				IPHONEOS_DEPLOYMENT_TARGET = 9.0;
				MTL_ENABLE_DEBUG_INFO = NO;
				SDKROOT = iphoneos;
				TARGETED_DEVICE_FAMILY = 2;
				VALIDATE_PRODUCT = YES;
			};
			name = Release;
		};
		B8ECA80C1BA5AF3500A95D36 /* Debug */ = {
			isa = XCBuildConfiguration;
			buildSettings = {
				ASSETCATALOG_COMPILER_APPICON_NAME = AppIcon;
				INFOPLIST_FILE = Starfly/Info.plist;
				LD_RUNPATH_SEARCH_PATHS = "$(inherited) @executable_path/Frameworks";
				PRODUCT_BUNDLE_IDENTIFIER = com.nealceffrey.Starfly;
				PRODUCT_NAME = "$(TARGET_NAME)";
			};
			name = Debug;
		};
		B8ECA80D1BA5AF3500A95D36 /* Release */ = {
			isa = XCBuildConfiguration;
			buildSettings = {
				ASSETCATALOG_COMPILER_APPICON_NAME = AppIcon;
				INFOPLIST_FILE = Starfly/Info.plist;
				LD_RUNPATH_SEARCH_PATHS = "$(inherited) @executable_path/Frameworks";
				PRODUCT_BUNDLE_IDENTIFIER = com.nealceffrey.Starfly;
				PRODUCT_NAME = "$(TARGET_NAME)";
			};
			name = Release;
		};
		B8ECA80F1BA5AF3500A95D36 /* Debug */ = {
			isa = XCBuildConfiguration;
			buildSettings = {
				BUNDLE_LOADER = "$(TEST_HOST)";
				INFOPLIST_FILE = StarflyTests/Info.plist;
				LD_RUNPATH_SEARCH_PATHS = "$(inherited) @executable_path/Frameworks @loader_path/Frameworks";
				PRODUCT_BUNDLE_IDENTIFIER = com.nealceffrey.StarflyTests;
				PRODUCT_NAME = "$(TARGET_NAME)";
				TEST_HOST = "$(BUILT_PRODUCTS_DIR)/Starfly.app/Starfly";
			};
			name = Debug;
		};
		B8ECA8101BA5AF3500A95D36 /* Release */ = {
			isa = XCBuildConfiguration;
			buildSettings = {
				BUNDLE_LOADER = "$(TEST_HOST)";
				INFOPLIST_FILE = StarflyTests/Info.plist;
				LD_RUNPATH_SEARCH_PATHS = "$(inherited) @executable_path/Frameworks @loader_path/Frameworks";
				PRODUCT_BUNDLE_IDENTIFIER = com.nealceffrey.StarflyTests;
				PRODUCT_NAME = "$(TARGET_NAME)";
				TEST_HOST = "$(BUILT_PRODUCTS_DIR)/Starfly.app/Starfly";
			};
			name = Release;
		};
		B8ECA8121BA5AF3500A95D36 /* Debug */ = {
			isa = XCBuildConfiguration;
			buildSettings = {
				INFOPLIST_FILE = StarflyUITests/Info.plist;
				LD_RUNPATH_SEARCH_PATHS = "$(inherited) @executable_path/Frameworks @loader_path/Frameworks";
				PRODUCT_BUNDLE_IDENTIFIER = com.nealceffrey.StarflyUITests;
				PRODUCT_NAME = "$(TARGET_NAME)";
				TEST_TARGET_NAME = Starfly;
				USES_XCTRUNNER = YES;
			};
			name = Debug;
		};
		B8ECA8131BA5AF3500A95D36 /* Release */ = {
			isa = XCBuildConfiguration;
			buildSettings = {
				INFOPLIST_FILE = StarflyUITests/Info.plist;
				LD_RUNPATH_SEARCH_PATHS = "$(inherited) @executable_path/Frameworks @loader_path/Frameworks";
				PRODUCT_BUNDLE_IDENTIFIER = com.nealceffrey.StarflyUITests;
				PRODUCT_NAME = "$(TARGET_NAME)";
				TEST_TARGET_NAME = Starfly;
				USES_XCTRUNNER = YES;
			};
			name = Release;
		};
/* End XCBuildConfiguration section */

/* Begin XCConfigurationList section */
		B8ECA7DB1BA5AF3500A95D36 /* Build configuration list for PBXProject "Starfly" */ = {
			isa = XCConfigurationList;
			buildConfigurations = (
				B8ECA8091BA5AF3500A95D36 /* Debug */,
				B8ECA80A1BA5AF3500A95D36 /* Release */,
			);
			defaultConfigurationIsVisible = 0;
			defaultConfigurationName = Release;
		};
		B8ECA80B1BA5AF3500A95D36 /* Build configuration list for PBXNativeTarget "Starfly" */ = {
			isa = XCConfigurationList;
			buildConfigurations = (
				B8ECA80C1BA5AF3500A95D36 /* Debug */,
				B8ECA80D1BA5AF3500A95D36 /* Release */,
			);
			defaultConfigurationIsVisible = 0;
			defaultConfigurationName = Release;
		};
		B8ECA80E1BA5AF3500A95D36 /* Build configuration list for PBXNativeTarget "StarflyTests" */ = {
			isa = XCConfigurationList;
			buildConfigurations = (
				B8ECA80F1BA5AF3500A95D36 /* Debug */,
				B8ECA8101BA5AF3500A95D36 /* Release */,
			);
			defaultConfigurationIsVisible = 0;
			defaultConfigurationName = Release;
		};
		B8ECA8111BA5AF3500A95D36 /* Build configuration list for PBXNativeTarget "StarflyUITests" */ = {
			isa = XCConfigurationList;
			buildConfigurations = (
				B8ECA8121BA5AF3500A95D36 /* Debug */,
				B8ECA8131BA5AF3500A95D36 /* Release */,
			);
			defaultConfigurationIsVisible = 0;
			defaultConfigurationName = Release;
		};
/* End XCConfigurationList section */

/* Begin XCVersionGroup section */
		B8ECA7EA1BA5AF3500A95D36 /* Starfly.xcdatamodeld */ = {
			isa = XCVersionGroup;
			children = (
				B8ECA7EB1BA5AF3500A95D36 /* Starfly.xcdatamodel */,
			);
			currentVersion = B8ECA7EB1BA5AF3500A95D36 /* Starfly.xcdatamodel */;
			path = Starfly.xcdatamodeld;
			sourceTree = "<group>";
			versionGroupType = wrapper.xcdatamodel;
		};
/* End XCVersionGroup section */
	};
	rootObject = B8ECA7D81BA5AF3500A95D36 /* Project object */;
}
